// !$*UTF8*$!
{
	archiveVersion = 1;
	classes = {
	};
	objectVersion = 46;
	objects = {

/* Begin PBXBuildFile section */
		E103FBD715AC1A8E00274739 /* ShadowedCellBackgroundView.m in Sources */ = {isa = PBXBuildFile; fileRef = E103FBD615AC1A8E00274739 /* ShadowedCellBackgroundView.m */; };
		E120849C15773D3500A81B87 /* GeneralNewsTableViewController.m in Sources */ = {isa = PBXBuildFile; fileRef = E120849B15773D3500A81B87 /* GeneralNewsTableViewController.m */; };
		E12084A11577588200A81B87 /* RSSAggregator.m in Sources */ = {isa = PBXBuildFile; fileRef = E12084A01577588100A81B87 /* RSSAggregator.m */; };
		E12E489615A36723001ADC77 /* VideosTableViewController.m in Sources */ = {isa = PBXBuildFile; fileRef = E12E489515A36723001ADC77 /* VideosTableViewController.m */; };
		E12E489915A51AAE001ADC77 /* PhotoDownloader.m in Sources */ = {isa = PBXBuildFile; fileRef = E12E489815A51AAD001ADC77 /* PhotoDownloader.m */; };
		E13101B9157B5CF800429634 /* MWFeedParser.m in Sources */ = {isa = PBXBuildFile; fileRef = E13101B4157B5CF800429634 /* MWFeedParser.m */; settings = {COMPILER_FLAGS = "-fno-objc-arc"; }; };
		E13101BA157B5CF800429634 /* MWFeedParser.m in Sources */ = {isa = PBXBuildFile; fileRef = E13101B4157B5CF800429634 /* MWFeedParser.m */; };
		E13101BB157B5CF800429634 /* MWFeedInfo.m in Sources */ = {isa = PBXBuildFile; fileRef = E13101B6157B5CF800429634 /* MWFeedInfo.m */; settings = {COMPILER_FLAGS = "-fno-objc-arc"; }; };
		E13101BC157B5CF800429634 /* MWFeedInfo.m in Sources */ = {isa = PBXBuildFile; fileRef = E13101B6157B5CF800429634 /* MWFeedInfo.m */; };
		E13101BD157B5CF800429634 /* MWFeedItem.m in Sources */ = {isa = PBXBuildFile; fileRef = E13101B8157B5CF800429634 /* MWFeedItem.m */; settings = {COMPILER_FLAGS = "-fno-objc-arc"; }; };
		E13101BE157B5CF800429634 /* MWFeedItem.m in Sources */ = {isa = PBXBuildFile; fileRef = E13101B8157B5CF800429634 /* MWFeedItem.m */; };
		E13101C3157B5D0600429634 /* NSString+HTML.m in Sources */ = {isa = PBXBuildFile; fileRef = E13101C0157B5D0600429634 /* NSString+HTML.m */; settings = {COMPILER_FLAGS = "-fno-objc-arc"; }; };
		E13101C4157B5D0600429634 /* NSString+HTML.m in Sources */ = {isa = PBXBuildFile; fileRef = E13101C0157B5D0600429634 /* NSString+HTML.m */; };
		E13101C5157B5D0600429634 /* NSDate+InternetDateTime.m in Sources */ = {isa = PBXBuildFile; fileRef = E13101C2157B5D0600429634 /* NSDate+InternetDateTime.m */; settings = {COMPILER_FLAGS = "-fno-objc-arc"; }; };
		E13101C6157B5D0600429634 /* NSDate+InternetDateTime.m in Sources */ = {isa = PBXBuildFile; fileRef = E13101C2157B5D0600429634 /* NSDate+InternetDateTime.m */; };
		E13101C9157B5D0E00429634 /* GTMNSString+HTML.m in Sources */ = {isa = PBXBuildFile; fileRef = E13101C8157B5D0E00429634 /* GTMNSString+HTML.m */; settings = {COMPILER_FLAGS = "-fno-objc-arc"; }; };
		E13101CA157B5D0E00429634 /* GTMNSString+HTML.m in Sources */ = {isa = PBXBuildFile; fileRef = E13101C8157B5D0E00429634 /* GTMNSString+HTML.m */; };
		E1436F9A1595B61F004CDFCA /* aliceLogo@2x.png in Resources */ = {isa = PBXBuildFile; fileRef = E1436F991595B61F004CDFCA /* aliceLogo@2x.png */; };
		E1436F9F159654AA004CDFCA /* atlasLogo@2x.png in Resources */ = {isa = PBXBuildFile; fileRef = E1436F9E159654AA004CDFCA /* atlasLogo@2x.png */; };
		E1436FA1159658F6004CDFCA /* lhcbLogo@2x.png in Resources */ = {isa = PBXBuildFile; fileRef = E1436FA0159658F6004CDFCA /* lhcbLogo@2x.png */; };
		E1465B7A15A7A53100ACEC72 /* NSDateFormatter+DateFromStringOfUnknownFormat.m in Sources */ = {isa = PBXBuildFile; fileRef = E1465B7915A7A53100ACEC72 /* NSDateFormatter+DateFromStringOfUnknownFormat.m */; };
		E15CC7A9159266550016CC95 /* lhcMap@2x.png in Resources */ = {isa = PBXBuildFile; fileRef = E15CC7A7159266550016CC95 /* lhcMap@2x.png */; };
		E15CC7AA159266550016CC95 /* lhcMapShadow@2x.png in Resources */ = {isa = PBXBuildFile; fileRef = E15CC7A8159266550016CC95 /* lhcMapShadow@2x.png */; };
		E15CC7B0159267AF0016CC95 /* ExperimentsViewController.m in Sources */ = {isa = PBXBuildFile; fileRef = E15CC7AF159267AF0016CC95 /* ExperimentsViewController.m */; };
		E15CC7B3159279C30016CC95 /* ExperimentTableViewController.m in Sources */ = {isa = PBXBuildFile; fileRef = E15CC7B2159279C30016CC95 /* ExperimentTableViewController.m */; };
		E15CC7B71593881A0016CC95 /* TwitterFeed.m in Sources */ = {isa = PBXBuildFile; fileRef = E15CC7B61593881A0016CC95 /* TwitterFeed.m */; };
		E15CC7B91593E9E40016CC95 /* Twitter.framework in Frameworks */ = {isa = PBXBuildFile; fileRef = E15CC7B81593E9E40016CC95 /* Twitter.framework */; };
		E15CC7BF15959F440016CC95 /* cmsLogo@2x.png in Resources */ = {isa = PBXBuildFile; fileRef = E15CC7BE15959F440016CC95 /* cmsLogo@2x.png */; };
		E1648F3F15AF789000EE44DA /* ShadowedCell.m in Sources */ = {isa = PBXBuildFile; fileRef = E1648F3E15AF789000EE44DA /* ShadowedCell.m */; };
		E171638515911B0100AB43F4 /* ArticleTableViewCell.m in Sources */ = {isa = PBXBuildFile; fileRef = E171638415911B0100AB43F4 /* ArticleTableViewCell.m */; };
		E182E1FB15740766000E4197 /* RSSFeed.m in Sources */ = {isa = PBXBuildFile; fileRef = E182E1FA15740766000E4197 /* RSSFeed.m */; };
		E1830BCA15744B9F003F16E2 /* libxml2.dylib in Frameworks */ = {isa = PBXBuildFile; fileRef = E1830BC915744B9F003F16E2 /* libxml2.dylib */; };
		E1975A4C158F99D800CEE5A2 /* ArticleDetailViewController.m in Sources */ = {isa = PBXBuildFile; fileRef = E1975A4B158F99D800CEE5A2 /* ArticleDetailViewController.m */; };
		E1AB91EA159BE07D006FBB40 /* AQGridView.m in Sources */ = {isa = PBXBuildFile; fileRef = E1AB91D6159BE07D006FBB40 /* AQGridView.m */; };
		E1AB91EB159BE07D006FBB40 /* AQGridViewCell.m in Sources */ = {isa = PBXBuildFile; fileRef = E1AB91D9159BE07D006FBB40 /* AQGridViewCell.m */; };
		E1AB91EC159BE07D006FBB40 /* AQGridViewController.m in Sources */ = {isa = PBXBuildFile; fileRef = E1AB91DB159BE07D006FBB40 /* AQGridViewController.m */; };
		E1AB91ED159BE07D006FBB40 /* AQGridViewData.m in Sources */ = {isa = PBXBuildFile; fileRef = E1AB91DD159BE07D006FBB40 /* AQGridViewData.m */; };
		E1AB91EE159BE07D006FBB40 /* AQGridViewUpdateInfo.m in Sources */ = {isa = PBXBuildFile; fileRef = E1AB91DF159BE07D006FBB40 /* AQGridViewUpdateInfo.m */; };
		E1AB91EF159BE07D006FBB40 /* AQGridViewUpdateItem.m in Sources */ = {isa = PBXBuildFile; fileRef = E1AB91E1159BE07D006FBB40 /* AQGridViewUpdateItem.m */; };
		E1AB91F0159BE07D006FBB40 /* AQGridViewAnimatorItem.m in Sources */ = {isa = PBXBuildFile; fileRef = E1AB91E3159BE07D006FBB40 /* AQGridViewAnimatorItem.m */; };
		E1AB91F1159BE07D006FBB40 /* UIColor+AQGridView.m in Sources */ = {isa = PBXBuildFile; fileRef = E1AB91E5159BE07D006FBB40 /* UIColor+AQGridView.m */; };
		E1AB91F2159BE07D006FBB40 /* NSIndexSet+AQIsSetContiguous.m in Sources */ = {isa = PBXBuildFile; fileRef = E1AB91E7159BE07D006FBB40 /* NSIndexSet+AQIsSetContiguous.m */; };
		E1AB91F3159BE07D006FBB40 /* NSIndexSet+AQIndexesOutsideSet.m in Sources */ = {isa = PBXBuildFile; fileRef = E1AB91E9159BE07D006FBB40 /* NSIndexSet+AQIndexesOutsideSet.m */; };
		E1AB91F9159BE087006FBB40 /* AQGridSelection.png in Resources */ = {isa = PBXBuildFile; fileRef = E1AB91F4159BE087006FBB40 /* AQGridSelection.png */; };
		E1AB91FA159BE087006FBB40 /* AQGridSelectionGray.png in Resources */ = {isa = PBXBuildFile; fileRef = E1AB91F5159BE087006FBB40 /* AQGridSelectionGray.png */; };
		E1AB91FB159BE087006FBB40 /* AQGridSelectionGrayBlue.png in Resources */ = {isa = PBXBuildFile; fileRef = E1AB91F6159BE087006FBB40 /* AQGridSelectionGrayBlue.png */; };
		E1AB91FC159BE087006FBB40 /* AQGridSelectionGreen.png in Resources */ = {isa = PBXBuildFile; fileRef = E1AB91F7159BE087006FBB40 /* AQGridSelectionGreen.png */; };
		E1AB91FD159BE087006FBB40 /* AQGridSelectionRed.png in Resources */ = {isa = PBXBuildFile; fileRef = E1AB91F8159BE087006FBB40 /* AQGridSelectionRed.png */; };
		E1AB9200159BE12C006FBB40 /* PhotosViewController.m in Sources */ = {isa = PBXBuildFile; fileRef = E1AB91FF159BE12C006FBB40 /* PhotosViewController.m */; };
		E1AB9201159BE12C006FBB40 /* PhotosViewController.m in Sources */ = {isa = PBXBuildFile; fileRef = E1AB91FF159BE12C006FBB40 /* PhotosViewController.m */; };
		E1AB9202159BE388006FBB40 /* AQGridView.m in Sources */ = {isa = PBXBuildFile; fileRef = E1AB91D6159BE07D006FBB40 /* AQGridView.m */; };
		E1AB9203159BE388006FBB40 /* AQGridViewCell.m in Sources */ = {isa = PBXBuildFile; fileRef = E1AB91D9159BE07D006FBB40 /* AQGridViewCell.m */; };
		E1AB9204159BE388006FBB40 /* AQGridViewController.m in Sources */ = {isa = PBXBuildFile; fileRef = E1AB91DB159BE07D006FBB40 /* AQGridViewController.m */; };
		E1AB9205159BE388006FBB40 /* AQGridViewData.m in Sources */ = {isa = PBXBuildFile; fileRef = E1AB91DD159BE07D006FBB40 /* AQGridViewData.m */; };
		E1AB9206159BE388006FBB40 /* AQGridViewUpdateInfo.m in Sources */ = {isa = PBXBuildFile; fileRef = E1AB91DF159BE07D006FBB40 /* AQGridViewUpdateInfo.m */; };
		E1AB9207159BE388006FBB40 /* AQGridViewUpdateItem.m in Sources */ = {isa = PBXBuildFile; fileRef = E1AB91E1159BE07D006FBB40 /* AQGridViewUpdateItem.m */; };
		E1AB9208159BE388006FBB40 /* AQGridViewAnimatorItem.m in Sources */ = {isa = PBXBuildFile; fileRef = E1AB91E3159BE07D006FBB40 /* AQGridViewAnimatorItem.m */; };
		E1AB9209159BE388006FBB40 /* UIColor+AQGridView.m in Sources */ = {isa = PBXBuildFile; fileRef = E1AB91E5159BE07D006FBB40 /* UIColor+AQGridView.m */; };
		E1AB920A159BE388006FBB40 /* NSIndexSet+AQIsSetContiguous.m in Sources */ = {isa = PBXBuildFile; fileRef = E1AB91E7159BE07D006FBB40 /* NSIndexSet+AQIsSetContiguous.m */; };
		E1AB920B159BE388006FBB40 /* NSIndexSet+AQIndexesOutsideSet.m in Sources */ = {isa = PBXBuildFile; fileRef = E1AB91E9159BE07D006FBB40 /* NSIndexSet+AQIndexesOutsideSet.m */; };
		E1AB920D159BE44B006FBB40 /* QuartzCore.framework in Frameworks */ = {isa = PBXBuildFile; fileRef = E1AB920C159BE44B006FBB40 /* QuartzCore.framework */; };
		E1D87E14159E925B0051104C /* PhotoGridViewCell.m in Sources */ = {isa = PBXBuildFile; fileRef = E1D87E13159E925B0051104C /* PhotoGridViewCell.m */; };
		E1D87E15159E925B0051104C /* PhotoGridViewCell.m in Sources */ = {isa = PBXBuildFile; fileRef = E1D87E13159E925B0051104C /* PhotoGridViewCell.m */; };
		E1D87E46159EE6680051104C /* MWCaptionView.m in Sources */ = {isa = PBXBuildFile; fileRef = E1D87E3A159EE6680051104C /* MWCaptionView.m */; settings = {COMPILER_FLAGS = "-fno-objc-arc"; }; };
		E1D87E47159EE6680051104C /* MWCaptionView.m in Sources */ = {isa = PBXBuildFile; fileRef = E1D87E3A159EE6680051104C /* MWCaptionView.m */; };
		E1D87E48159EE6680051104C /* MWPhoto.m in Sources */ = {isa = PBXBuildFile; fileRef = E1D87E3C159EE6680051104C /* MWPhoto.m */; settings = {COMPILER_FLAGS = "-fno-objc-arc"; }; };
		E1D87E49159EE6680051104C /* MWPhoto.m in Sources */ = {isa = PBXBuildFile; fileRef = E1D87E3C159EE6680051104C /* MWPhoto.m */; };
		E1D87E4A159EE6680051104C /* MWPhotoBrowser.m in Sources */ = {isa = PBXBuildFile; fileRef = E1D87E3E159EE6680051104C /* MWPhotoBrowser.m */; settings = {COMPILER_FLAGS = "-fno-objc-arc"; }; };
		E1D87E4B159EE6680051104C /* MWPhotoBrowser.m in Sources */ = {isa = PBXBuildFile; fileRef = E1D87E3E159EE6680051104C /* MWPhotoBrowser.m */; };
		E1D87E4C159EE6680051104C /* MWTapDetectingImageView.m in Sources */ = {isa = PBXBuildFile; fileRef = E1D87E41159EE6680051104C /* MWTapDetectingImageView.m */; settings = {COMPILER_FLAGS = "-fno-objc-arc"; }; };
		E1D87E4D159EE6680051104C /* MWTapDetectingImageView.m in Sources */ = {isa = PBXBuildFile; fileRef = E1D87E41159EE6680051104C /* MWTapDetectingImageView.m */; };
		E1D87E4E159EE6680051104C /* MWTapDetectingView.m in Sources */ = {isa = PBXBuildFile; fileRef = E1D87E43159EE6680051104C /* MWTapDetectingView.m */; settings = {COMPILER_FLAGS = "-fno-objc-arc"; }; };
		E1D87E4F159EE6680051104C /* MWTapDetectingView.m in Sources */ = {isa = PBXBuildFile; fileRef = E1D87E43159EE6680051104C /* MWTapDetectingView.m */; };
		E1D87E50159EE6680051104C /* MWZoomingScrollView.m in Sources */ = {isa = PBXBuildFile; fileRef = E1D87E45159EE6680051104C /* MWZoomingScrollView.m */; settings = {COMPILER_FLAGS = "-fno-objc-arc"; }; };
		E1D87E51159EE6680051104C /* MWZoomingScrollView.m in Sources */ = {isa = PBXBuildFile; fileRef = E1D87E45159EE6680051104C /* MWZoomingScrollView.m */; };
		E1D87E6C159EE6720051104C /* MBProgressHUD.m in Sources */ = {isa = PBXBuildFile; fileRef = E1D87E55159EE6720051104C /* MBProgressHUD.m */; settings = {COMPILER_FLAGS = "-fno-objc-arc"; }; };
		E1D87E6D159EE6720051104C /* MBProgressHUD.m in Sources */ = {isa = PBXBuildFile; fileRef = E1D87E55159EE6720051104C /* MBProgressHUD.m */; };
		E1D87E6E159EE6720051104C /* README.mdown in Resources */ = {isa = PBXBuildFile; fileRef = E1D87E56159EE6720051104C /* README.mdown */; };
		E1D87E6F159EE6720051104C /* README.mdown in Resources */ = {isa = PBXBuildFile; fileRef = E1D87E56159EE6720051104C /* README.mdown */; };
		E1D87E70159EE6720051104C /* LICENSE in Resources */ = {isa = PBXBuildFile; fileRef = E1D87E58159EE6720051104C /* LICENSE */; };
		E1D87E71159EE6720051104C /* LICENSE in Resources */ = {isa = PBXBuildFile; fileRef = E1D87E58159EE6720051104C /* LICENSE */; };
		E1D87E72159EE6720051104C /* README.md in Resources */ = {isa = PBXBuildFile; fileRef = E1D87E59159EE6720051104C /* README.md */; };
		E1D87E73159EE6720051104C /* README.md in Resources */ = {isa = PBXBuildFile; fileRef = E1D87E59159EE6720051104C /* README.md */; };
		E1D87E74159EE6720051104C /* SDImageCache.m in Sources */ = {isa = PBXBuildFile; fileRef = E1D87E5B159EE6720051104C /* SDImageCache.m */; settings = {COMPILER_FLAGS = "-fno-objc-arc"; }; };
		E1D87E75159EE6720051104C /* SDImageCache.m in Sources */ = {isa = PBXBuildFile; fileRef = E1D87E5B159EE6720051104C /* SDImageCache.m */; };
		E1D87E76159EE6720051104C /* SDWebImageDecoder.m in Sources */ = {isa = PBXBuildFile; fileRef = E1D87E5F159EE6720051104C /* SDWebImageDecoder.m */; settings = {COMPILER_FLAGS = "-fno-objc-arc"; }; };
		E1D87E77159EE6720051104C /* SDWebImageDecoder.m in Sources */ = {isa = PBXBuildFile; fileRef = E1D87E5F159EE6720051104C /* SDWebImageDecoder.m */; };
		E1D87E78159EE6720051104C /* SDWebImageDownloader.m in Sources */ = {isa = PBXBuildFile; fileRef = E1D87E61159EE6720051104C /* SDWebImageDownloader.m */; settings = {COMPILER_FLAGS = "-fno-objc-arc"; }; };
		E1D87E79159EE6720051104C /* SDWebImageDownloader.m in Sources */ = {isa = PBXBuildFile; fileRef = E1D87E61159EE6720051104C /* SDWebImageDownloader.m */; };
		E1D87E7A159EE6720051104C /* SDWebImageManager.m in Sources */ = {isa = PBXBuildFile; fileRef = E1D87E64159EE6720051104C /* SDWebImageManager.m */; settings = {COMPILER_FLAGS = "-fno-objc-arc"; }; };
		E1D87E7B159EE6720051104C /* SDWebImageManager.m in Sources */ = {isa = PBXBuildFile; fileRef = E1D87E64159EE6720051104C /* SDWebImageManager.m */; };
		E1D87E7C159EE6720051104C /* SDWebImagePrefetcher.m in Sources */ = {isa = PBXBuildFile; fileRef = E1D87E67159EE6720051104C /* SDWebImagePrefetcher.m */; settings = {COMPILER_FLAGS = "-fno-objc-arc"; }; };
		E1D87E7D159EE6720051104C /* SDWebImagePrefetcher.m in Sources */ = {isa = PBXBuildFile; fileRef = E1D87E67159EE6720051104C /* SDWebImagePrefetcher.m */; };
		E1D87E7E159EE6720051104C /* UIButton+WebCache.m in Sources */ = {isa = PBXBuildFile; fileRef = E1D87E69159EE6720051104C /* UIButton+WebCache.m */; settings = {COMPILER_FLAGS = "-fno-objc-arc"; }; };
		E1D87E7F159EE6720051104C /* UIButton+WebCache.m in Sources */ = {isa = PBXBuildFile; fileRef = E1D87E69159EE6720051104C /* UIButton+WebCache.m */; };
		E1D87E80159EE6720051104C /* UIImageView+WebCache.m in Sources */ = {isa = PBXBuildFile; fileRef = E1D87E6B159EE6720051104C /* UIImageView+WebCache.m */; settings = {COMPILER_FLAGS = "-fno-objc-arc"; }; };
		E1D87E81159EE6720051104C /* UIImageView+WebCache.m in Sources */ = {isa = PBXBuildFile; fileRef = E1D87E6B159EE6720051104C /* UIImageView+WebCache.m */; };
		E1D87E83159EE6770051104C /* MWPhotoBrowser.bundle in Resources */ = {isa = PBXBuildFile; fileRef = E1D87E82159EE6770051104C /* MWPhotoBrowser.bundle */; };
		E1D87E84159EE6770051104C /* MWPhotoBrowser.bundle in Resources */ = {isa = PBXBuildFile; fileRef = E1D87E82159EE6770051104C /* MWPhotoBrowser.bundle */; };
		E1D87E89159EEC880051104C /* ImageIO.framework in Frameworks */ = {isa = PBXBuildFile; fileRef = E1D87E88159EEC880051104C /* ImageIO.framework */; };
		E1D87E8B159EEC920051104C /* MessageUI.framework in Frameworks */ = {isa = PBXBuildFile; fileRef = E1D87E8A159EEC920051104C /* MessageUI.framework */; };
		E1D9609815991335006150D1 /* CernMediaMARCParser.m in Sources */ = {isa = PBXBuildFile; fileRef = E1D9609715991335006150D1 /* CernMediaMARCParser.m */; };
		E1DD4C1B15AA4C37003556BC /* grayTexture.png in Resources */ = {isa = PBXBuildFile; fileRef = E1DD4C1A15AA4C37003556BC /* grayTexture.png */; };
		E1F7B68B156EDC7C0092367F /* UIKit.framework in Frameworks */ = {isa = PBXBuildFile; fileRef = E1F7B68A156EDC7C0092367F /* UIKit.framework */; };
		E1F7B68D156EDC7C0092367F /* Foundation.framework in Frameworks */ = {isa = PBXBuildFile; fileRef = E1F7B68C156EDC7C0092367F /* Foundation.framework */; };
		E1F7B68F156EDC7C0092367F /* CoreGraphics.framework in Frameworks */ = {isa = PBXBuildFile; fileRef = E1F7B68E156EDC7C0092367F /* CoreGraphics.framework */; };
		E1F7B695156EDC7C0092367F /* InfoPlist.strings in Resources */ = {isa = PBXBuildFile; fileRef = E1F7B693156EDC7C0092367F /* InfoPlist.strings */; };
		E1F7B697156EDC7C0092367F /* main.m in Sources */ = {isa = PBXBuildFile; fileRef = E1F7B696156EDC7C0092367F /* main.m */; };
		E1F7B69B156EDC7C0092367F /* AppDelegate.m in Sources */ = {isa = PBXBuildFile; fileRef = E1F7B69A156EDC7C0092367F /* AppDelegate.m */; };
		E1F7B69E156EDC7C0092367F /* MainStoryboard_iPhone.storyboard in Resources */ = {isa = PBXBuildFile; fileRef = E1F7B69C156EDC7C0092367F /* MainStoryboard_iPhone.storyboard */; };
		E1F7B6A1156EDC7C0092367F /* MainStoryboard_iPad.storyboard in Resources */ = {isa = PBXBuildFile; fileRef = E1F7B69F156EDC7C0092367F /* MainStoryboard_iPad.storyboard */; };
		E1F7B6A8156EDC7D0092367F /* first@2x.png in Resources */ = {isa = PBXBuildFile; fileRef = E1F7B6A7156EDC7D0092367F /* first@2x.png */; };
		E1F7B6AF156EDC7D0092367F /* second@2x.png in Resources */ = {isa = PBXBuildFile; fileRef = E1F7B6AE156EDC7D0092367F /* second@2x.png */; };
		E1F7B6B7156EDC7D0092367F /* SenTestingKit.framework in Frameworks */ = {isa = PBXBuildFile; fileRef = E1F7B6B6156EDC7D0092367F /* SenTestingKit.framework */; };
		E1F7B6B8156EDC7D0092367F /* UIKit.framework in Frameworks */ = {isa = PBXBuildFile; fileRef = E1F7B68A156EDC7C0092367F /* UIKit.framework */; };
		E1F7B6B9156EDC7D0092367F /* Foundation.framework in Frameworks */ = {isa = PBXBuildFile; fileRef = E1F7B68C156EDC7C0092367F /* Foundation.framework */; };
		E1F7B6C1156EDC7D0092367F /* InfoPlist.strings in Resources */ = {isa = PBXBuildFile; fileRef = E1F7B6BF156EDC7D0092367F /* InfoPlist.strings */; };
		E1F7B6C4156EDC7D0092367F /* CernVM_Co_PilotTests.m in Sources */ = {isa = PBXBuildFile; fileRef = E1F7B6C3156EDC7D0092367F /* CernVM_Co_PilotTests.m */; };
		E1FFFC2815A642310093462B /* VideoTableViewCell.m in Sources */ = {isa = PBXBuildFile; fileRef = E1FFFC2715A642310093462B /* VideoTableViewCell.m */; };
		E1FFFC2B15A651B40093462B /* MediaPlayer.framework in Frameworks */ = {isa = PBXBuildFile; fileRef = E1FFFC2A15A651B40093462B /* MediaPlayer.framework */; };
/* End PBXBuildFile section */

/* Begin PBXContainerItemProxy section */
		E1F7B6BA156EDC7D0092367F /* PBXContainerItemProxy */ = {
			isa = PBXContainerItemProxy;
			containerPortal = E1F7B67D156EDC7C0092367F /* Project object */;
			proxyType = 1;
			remoteGlobalIDString = E1F7B685156EDC7C0092367F;
			remoteInfo = "CernVM Co-Pilot";
		};
/* End PBXContainerItemProxy section */

/* Begin PBXFileReference section */
		E103FBD515AC1A8E00274739 /* ShadowedCellBackgroundView.h */ = {isa = PBXFileReference; fileEncoding = 4; lastKnownFileType = sourcecode.c.h; path = ShadowedCellBackgroundView.h; sourceTree = "<group>"; };
		E103FBD615AC1A8E00274739 /* ShadowedCellBackgroundView.m */ = {isa = PBXFileReference; fileEncoding = 4; lastKnownFileType = sourcecode.c.objc; path = ShadowedCellBackgroundView.m; sourceTree = "<group>"; };
		E120849A15773D3500A81B87 /* GeneralNewsTableViewController.h */ = {isa = PBXFileReference; fileEncoding = 4; lastKnownFileType = sourcecode.c.h; name = GeneralNewsTableViewController.h; path = "CernVM Co-Pilot/GeneralNewsTableViewController.h"; sourceTree = "<group>"; };
		E120849B15773D3500A81B87 /* GeneralNewsTableViewController.m */ = {isa = PBXFileReference; fileEncoding = 4; lastKnownFileType = sourcecode.c.objc; name = GeneralNewsTableViewController.m; path = "CernVM Co-Pilot/GeneralNewsTableViewController.m"; sourceTree = "<group>"; };
		E120849F1577588100A81B87 /* RSSAggregator.h */ = {isa = PBXFileReference; fileEncoding = 4; lastKnownFileType = sourcecode.c.h; path = RSSAggregator.h; sourceTree = "<group>"; };
		E12084A01577588100A81B87 /* RSSAggregator.m */ = {isa = PBXFileReference; fileEncoding = 4; lastKnownFileType = sourcecode.c.objc; path = RSSAggregator.m; sourceTree = "<group>"; };
		E12E489415A36723001ADC77 /* VideosTableViewController.h */ = {isa = PBXFileReference; fileEncoding = 4; lastKnownFileType = sourcecode.c.h; path = VideosTableViewController.h; sourceTree = "<group>"; };
		E12E489515A36723001ADC77 /* VideosTableViewController.m */ = {isa = PBXFileReference; fileEncoding = 4; lastKnownFileType = sourcecode.c.objc; path = VideosTableViewController.m; sourceTree = "<group>"; };
		E12E489715A51AAD001ADC77 /* PhotoDownloader.h */ = {isa = PBXFileReference; fileEncoding = 4; lastKnownFileType = sourcecode.c.h; path = PhotoDownloader.h; sourceTree = "<group>"; };
		E12E489815A51AAD001ADC77 /* PhotoDownloader.m */ = {isa = PBXFileReference; fileEncoding = 4; lastKnownFileType = sourcecode.c.objc; path = PhotoDownloader.m; sourceTree = "<group>"; };
		E13101B2157B5CF800429634 /* MWFeedParser_Private.h */ = {isa = PBXFileReference; fileEncoding = 4; lastKnownFileType = sourcecode.c.h; path = MWFeedParser_Private.h; sourceTree = "<group>"; };
		E13101B3157B5CF800429634 /* MWFeedParser.h */ = {isa = PBXFileReference; fileEncoding = 4; lastKnownFileType = sourcecode.c.h; path = MWFeedParser.h; sourceTree = "<group>"; };
		E13101B4157B5CF800429634 /* MWFeedParser.m */ = {isa = PBXFileReference; fileEncoding = 4; lastKnownFileType = sourcecode.c.objc; path = MWFeedParser.m; sourceTree = "<group>"; };
		E13101B5157B5CF800429634 /* MWFeedInfo.h */ = {isa = PBXFileReference; fileEncoding = 4; lastKnownFileType = sourcecode.c.h; path = MWFeedInfo.h; sourceTree = "<group>"; };
		E13101B6157B5CF800429634 /* MWFeedInfo.m */ = {isa = PBXFileReference; fileEncoding = 4; lastKnownFileType = sourcecode.c.objc; path = MWFeedInfo.m; sourceTree = "<group>"; };
		E13101B7157B5CF800429634 /* MWFeedItem.h */ = {isa = PBXFileReference; fileEncoding = 4; lastKnownFileType = sourcecode.c.h; path = MWFeedItem.h; sourceTree = "<group>"; };
		E13101B8157B5CF800429634 /* MWFeedItem.m */ = {isa = PBXFileReference; fileEncoding = 4; lastKnownFileType = sourcecode.c.objc; path = MWFeedItem.m; sourceTree = "<group>"; };
		E13101BF157B5D0600429634 /* NSString+HTML.h */ = {isa = PBXFileReference; fileEncoding = 4; lastKnownFileType = sourcecode.c.h; path = "NSString+HTML.h"; sourceTree = "<group>"; };
		E13101C0157B5D0600429634 /* NSString+HTML.m */ = {isa = PBXFileReference; fileEncoding = 4; lastKnownFileType = sourcecode.c.objc; path = "NSString+HTML.m"; sourceTree = "<group>"; };
		E13101C1157B5D0600429634 /* NSDate+InternetDateTime.h */ = {isa = PBXFileReference; fileEncoding = 4; lastKnownFileType = sourcecode.c.h; path = "NSDate+InternetDateTime.h"; sourceTree = "<group>"; };
		E13101C2157B5D0600429634 /* NSDate+InternetDateTime.m */ = {isa = PBXFileReference; fileEncoding = 4; lastKnownFileType = sourcecode.c.objc; path = "NSDate+InternetDateTime.m"; sourceTree = "<group>"; };
		E13101C7157B5D0E00429634 /* GTMNSString+HTML.h */ = {isa = PBXFileReference; fileEncoding = 4; lastKnownFileType = sourcecode.c.h; path = "GTMNSString+HTML.h"; sourceTree = "<group>"; };
		E13101C8157B5D0E00429634 /* GTMNSString+HTML.m */ = {isa = PBXFileReference; fileEncoding = 4; lastKnownFileType = sourcecode.c.objc; path = "GTMNSString+HTML.m"; sourceTree = "<group>"; };
		E1436F991595B61F004CDFCA /* aliceLogo@2x.png */ = {isa = PBXFileReference; lastKnownFileType = image.png; name = "aliceLogo@2x.png"; path = "CernVM Co-Pilot/aliceLogo@2x.png"; sourceTree = "<group>"; };
		E1436F9E159654AA004CDFCA /* atlasLogo@2x.png */ = {isa = PBXFileReference; lastKnownFileType = image.png; name = "atlasLogo@2x.png"; path = "CernVM Co-Pilot/atlasLogo@2x.png"; sourceTree = "<group>"; };
		E1436FA0159658F6004CDFCA /* lhcbLogo@2x.png */ = {isa = PBXFileReference; lastKnownFileType = image.png; name = "lhcbLogo@2x.png"; path = "CernVM Co-Pilot/lhcbLogo@2x.png"; sourceTree = "<group>"; };
		E1465B7815A7A53100ACEC72 /* NSDateFormatter+DateFromStringOfUnknownFormat.h */ = {isa = PBXFileReference; fileEncoding = 4; lastKnownFileType = sourcecode.c.h; path = "NSDateFormatter+DateFromStringOfUnknownFormat.h"; sourceTree = "<group>"; };
		E1465B7915A7A53100ACEC72 /* NSDateFormatter+DateFromStringOfUnknownFormat.m */ = {isa = PBXFileReference; fileEncoding = 4; lastKnownFileType = sourcecode.c.objc; path = "NSDateFormatter+DateFromStringOfUnknownFormat.m"; sourceTree = "<group>"; };
		E15CC7A7159266550016CC95 /* lhcMap@2x.png */ = {isa = PBXFileReference; lastKnownFileType = image.png; name = "lhcMap@2x.png"; path = "CernVM Co-Pilot/lhcMap@2x.png"; sourceTree = "<group>"; };
		E15CC7A8159266550016CC95 /* lhcMapShadow@2x.png */ = {isa = PBXFileReference; lastKnownFileType = image.png; name = "lhcMapShadow@2x.png"; path = "CernVM Co-Pilot/lhcMapShadow@2x.png"; sourceTree = "<group>"; };
		E15CC7AE159267AF0016CC95 /* ExperimentsViewController.h */ = {isa = PBXFileReference; fileEncoding = 4; lastKnownFileType = sourcecode.c.h; path = ExperimentsViewController.h; sourceTree = "<group>"; };
		E15CC7AF159267AF0016CC95 /* ExperimentsViewController.m */ = {isa = PBXFileReference; fileEncoding = 4; lastKnownFileType = sourcecode.c.objc; path = ExperimentsViewController.m; sourceTree = "<group>"; };
		E15CC7B1159279C30016CC95 /* ExperimentTableViewController.h */ = {isa = PBXFileReference; fileEncoding = 4; lastKnownFileType = sourcecode.c.h; path = ExperimentTableViewController.h; sourceTree = "<group>"; };
		E15CC7B2159279C30016CC95 /* ExperimentTableViewController.m */ = {isa = PBXFileReference; fileEncoding = 4; lastKnownFileType = sourcecode.c.objc; path = ExperimentTableViewController.m; sourceTree = "<group>"; };
		E15CC7B51593881A0016CC95 /* TwitterFeed.h */ = {isa = PBXFileReference; fileEncoding = 4; lastKnownFileType = sourcecode.c.h; path = TwitterFeed.h; sourceTree = "<group>"; };
		E15CC7B61593881A0016CC95 /* TwitterFeed.m */ = {isa = PBXFileReference; fileEncoding = 4; lastKnownFileType = sourcecode.c.objc; path = TwitterFeed.m; sourceTree = "<group>"; };
		E15CC7B81593E9E40016CC95 /* Twitter.framework */ = {isa = PBXFileReference; lastKnownFileType = wrapper.framework; name = Twitter.framework; path = System/Library/Frameworks/Twitter.framework; sourceTree = SDKROOT; };
		E15CC7BA1593FC220016CC95 /* FeedDelegate.h */ = {isa = PBXFileReference; fileEncoding = 4; lastKnownFileType = sourcecode.c.h; path = FeedDelegate.h; sourceTree = "<group>"; };
		E15CC7BE15959F440016CC95 /* cmsLogo@2x.png */ = {isa = PBXFileReference; lastKnownFileType = image.png; name = "cmsLogo@2x.png"; path = "CernVM Co-Pilot/cmsLogo@2x.png"; sourceTree = "<group>"; };
		E1648F3D15AF789000EE44DA /* ShadowedCell.h */ = {isa = PBXFileReference; fileEncoding = 4; lastKnownFileType = sourcecode.c.h; path = ShadowedCell.h; sourceTree = "<group>"; };
		E1648F3E15AF789000EE44DA /* ShadowedCell.m */ = {isa = PBXFileReference; fileEncoding = 4; lastKnownFileType = sourcecode.c.objc; path = ShadowedCell.m; sourceTree = "<group>"; };
		E171638315911B0100AB43F4 /* ArticleTableViewCell.h */ = {isa = PBXFileReference; fileEncoding = 4; lastKnownFileType = sourcecode.c.h; name = ArticleTableViewCell.h; path = "CernVM Co-Pilot/ArticleTableViewCell.h"; sourceTree = "<group>"; };
		E171638415911B0100AB43F4 /* ArticleTableViewCell.m */ = {isa = PBXFileReference; fileEncoding = 4; lastKnownFileType = sourcecode.c.objc; name = ArticleTableViewCell.m; path = "CernVM Co-Pilot/ArticleTableViewCell.m"; sourceTree = "<group>"; };
		E182E1F915740766000E4197 /* RSSFeed.h */ = {isa = PBXFileReference; fileEncoding = 4; lastKnownFileType = sourcecode.c.h; name = RSSFeed.h; path = "CernVM Co-Pilot/RSSFeed.h"; sourceTree = "<group>"; };
		E182E1FA15740766000E4197 /* RSSFeed.m */ = {isa = PBXFileReference; fileEncoding = 4; lastKnownFileType = sourcecode.c.objc; name = RSSFeed.m; path = "CernVM Co-Pilot/RSSFeed.m"; sourceTree = "<group>"; };
		E1830BC915744B9F003F16E2 /* libxml2.dylib */ = {isa = PBXFileReference; lastKnownFileType = "compiled.mach-o.dylib"; name = libxml2.dylib; path = usr/lib/libxml2.dylib; sourceTree = SDKROOT; };
		E1975A4A158F99D800CEE5A2 /* ArticleDetailViewController.h */ = {isa = PBXFileReference; fileEncoding = 4; lastKnownFileType = sourcecode.c.h; path = ArticleDetailViewController.h; sourceTree = "<group>"; };
		E1975A4B158F99D800CEE5A2 /* ArticleDetailViewController.m */ = {isa = PBXFileReference; fileEncoding = 4; lastKnownFileType = sourcecode.c.objc; path = ArticleDetailViewController.m; sourceTree = "<group>"; };
		E1AB91D3159BE07D006FBB40 /* AQGridView+CellLayout.h */ = {isa = PBXFileReference; fileEncoding = 4; lastKnownFileType = sourcecode.c.h; path = "AQGridView+CellLayout.h"; sourceTree = "<group>"; };
		E1AB91D4159BE07D006FBB40 /* AQGridView+CellLocationDelegation.h */ = {isa = PBXFileReference; fileEncoding = 4; lastKnownFileType = sourcecode.c.h; path = "AQGridView+CellLocationDelegation.h"; sourceTree = "<group>"; };
		E1AB91D5159BE07D006FBB40 /* AQGridView.h */ = {isa = PBXFileReference; fileEncoding = 4; lastKnownFileType = sourcecode.c.h; path = AQGridView.h; sourceTree = "<group>"; };
		E1AB91D6159BE07D006FBB40 /* AQGridView.m */ = {isa = PBXFileReference; fileEncoding = 4; lastKnownFileType = sourcecode.c.objc; path = AQGridView.m; sourceTree = "<group>"; };
		E1AB91D7159BE07D006FBB40 /* AQGridViewCell+AQGridViewCellPrivate.h */ = {isa = PBXFileReference; fileEncoding = 4; lastKnownFileType = sourcecode.c.h; path = "AQGridViewCell+AQGridViewCellPrivate.h"; sourceTree = "<group>"; };
		E1AB91D8159BE07D006FBB40 /* AQGridViewCell.h */ = {isa = PBXFileReference; fileEncoding = 4; lastKnownFileType = sourcecode.c.h; path = AQGridViewCell.h; sourceTree = "<group>"; };
		E1AB91D9159BE07D006FBB40 /* AQGridViewCell.m */ = {isa = PBXFileReference; fileEncoding = 4; lastKnownFileType = sourcecode.c.objc; path = AQGridViewCell.m; sourceTree = "<group>"; };
		E1AB91DA159BE07D006FBB40 /* AQGridViewController.h */ = {isa = PBXFileReference; fileEncoding = 4; lastKnownFileType = sourcecode.c.h; path = AQGridViewController.h; sourceTree = "<group>"; };
		E1AB91DB159BE07D006FBB40 /* AQGridViewController.m */ = {isa = PBXFileReference; fileEncoding = 4; lastKnownFileType = sourcecode.c.objc; path = AQGridViewController.m; sourceTree = "<group>"; };
		E1AB91DC159BE07D006FBB40 /* AQGridViewData.h */ = {isa = PBXFileReference; fileEncoding = 4; lastKnownFileType = sourcecode.c.h; path = AQGridViewData.h; sourceTree = "<group>"; };
		E1AB91DD159BE07D006FBB40 /* AQGridViewData.m */ = {isa = PBXFileReference; fileEncoding = 4; lastKnownFileType = sourcecode.c.objc; path = AQGridViewData.m; sourceTree = "<group>"; };
		E1AB91DE159BE07D006FBB40 /* AQGridViewUpdateInfo.h */ = {isa = PBXFileReference; fileEncoding = 4; lastKnownFileType = sourcecode.c.h; path = AQGridViewUpdateInfo.h; sourceTree = "<group>"; };
		E1AB91DF159BE07D006FBB40 /* AQGridViewUpdateInfo.m */ = {isa = PBXFileReference; fileEncoding = 4; lastKnownFileType = sourcecode.c.objc; path = AQGridViewUpdateInfo.m; sourceTree = "<group>"; };
		E1AB91E0159BE07D006FBB40 /* AQGridViewUpdateItem.h */ = {isa = PBXFileReference; fileEncoding = 4; lastKnownFileType = sourcecode.c.h; path = AQGridViewUpdateItem.h; sourceTree = "<group>"; };
		E1AB91E1159BE07D006FBB40 /* AQGridViewUpdateItem.m */ = {isa = PBXFileReference; fileEncoding = 4; lastKnownFileType = sourcecode.c.objc; path = AQGridViewUpdateItem.m; sourceTree = "<group>"; };
		E1AB91E2159BE07D006FBB40 /* AQGridViewAnimatorItem.h */ = {isa = PBXFileReference; fileEncoding = 4; lastKnownFileType = sourcecode.c.h; path = AQGridViewAnimatorItem.h; sourceTree = "<group>"; };
		E1AB91E3159BE07D006FBB40 /* AQGridViewAnimatorItem.m */ = {isa = PBXFileReference; fileEncoding = 4; lastKnownFileType = sourcecode.c.objc; path = AQGridViewAnimatorItem.m; sourceTree = "<group>"; };
		E1AB91E4159BE07D006FBB40 /* UIColor+AQGridView.h */ = {isa = PBXFileReference; fileEncoding = 4; lastKnownFileType = sourcecode.c.h; path = "UIColor+AQGridView.h"; sourceTree = "<group>"; };
		E1AB91E5159BE07D006FBB40 /* UIColor+AQGridView.m */ = {isa = PBXFileReference; fileEncoding = 4; lastKnownFileType = sourcecode.c.objc; path = "UIColor+AQGridView.m"; sourceTree = "<group>"; };
		E1AB91E6159BE07D006FBB40 /* NSIndexSet+AQIsSetContiguous.h */ = {isa = PBXFileReference; fileEncoding = 4; lastKnownFileType = sourcecode.c.h; path = "NSIndexSet+AQIsSetContiguous.h"; sourceTree = "<group>"; };
		E1AB91E7159BE07D006FBB40 /* NSIndexSet+AQIsSetContiguous.m */ = {isa = PBXFileReference; fileEncoding = 4; lastKnownFileType = sourcecode.c.objc; path = "NSIndexSet+AQIsSetContiguous.m"; sourceTree = "<group>"; };
		E1AB91E8159BE07D006FBB40 /* NSIndexSet+AQIndexesOutsideSet.h */ = {isa = PBXFileReference; fileEncoding = 4; lastKnownFileType = sourcecode.c.h; path = "NSIndexSet+AQIndexesOutsideSet.h"; sourceTree = "<group>"; };
		E1AB91E9159BE07D006FBB40 /* NSIndexSet+AQIndexesOutsideSet.m */ = {isa = PBXFileReference; fileEncoding = 4; lastKnownFileType = sourcecode.c.objc; path = "NSIndexSet+AQIndexesOutsideSet.m"; sourceTree = "<group>"; };
		E1AB91F4159BE087006FBB40 /* AQGridSelection.png */ = {isa = PBXFileReference; lastKnownFileType = image.png; path = AQGridSelection.png; sourceTree = "<group>"; };
		E1AB91F5159BE087006FBB40 /* AQGridSelectionGray.png */ = {isa = PBXFileReference; lastKnownFileType = image.png; path = AQGridSelectionGray.png; sourceTree = "<group>"; };
		E1AB91F6159BE087006FBB40 /* AQGridSelectionGrayBlue.png */ = {isa = PBXFileReference; lastKnownFileType = image.png; path = AQGridSelectionGrayBlue.png; sourceTree = "<group>"; };
		E1AB91F7159BE087006FBB40 /* AQGridSelectionGreen.png */ = {isa = PBXFileReference; lastKnownFileType = image.png; path = AQGridSelectionGreen.png; sourceTree = "<group>"; };
		E1AB91F8159BE087006FBB40 /* AQGridSelectionRed.png */ = {isa = PBXFileReference; lastKnownFileType = image.png; path = AQGridSelectionRed.png; sourceTree = "<group>"; };
		E1AB91FE159BE12C006FBB40 /* PhotosViewController.h */ = {isa = PBXFileReference; fileEncoding = 4; lastKnownFileType = sourcecode.c.h; path = PhotosViewController.h; sourceTree = "<group>"; };
		E1AB91FF159BE12C006FBB40 /* PhotosViewController.m */ = {isa = PBXFileReference; fileEncoding = 4; lastKnownFileType = sourcecode.c.objc; path = PhotosViewController.m; sourceTree = "<group>"; };
		E1AB920C159BE44B006FBB40 /* QuartzCore.framework */ = {isa = PBXFileReference; lastKnownFileType = wrapper.framework; name = QuartzCore.framework; path = System/Library/Frameworks/QuartzCore.framework; sourceTree = SDKROOT; };
		E1D87E12159E925B0051104C /* PhotoGridViewCell.h */ = {isa = PBXFileReference; fileEncoding = 4; lastKnownFileType = sourcecode.c.h; name = PhotoGridViewCell.h; path = "CernVM Co-Pilot/PhotoGridViewCell.h"; sourceTree = "<group>"; };
		E1D87E13159E925B0051104C /* PhotoGridViewCell.m */ = {isa = PBXFileReference; fileEncoding = 4; lastKnownFileType = sourcecode.c.objc; name = PhotoGridViewCell.m; path = "CernVM Co-Pilot/PhotoGridViewCell.m"; sourceTree = "<group>"; };
		E1D87E39159EE6680051104C /* MWCaptionView.h */ = {isa = PBXFileReference; fileEncoding = 4; lastKnownFileType = sourcecode.c.h; path = MWCaptionView.h; sourceTree = "<group>"; };
		E1D87E3A159EE6680051104C /* MWCaptionView.m */ = {isa = PBXFileReference; fileEncoding = 4; lastKnownFileType = sourcecode.c.objc; path = MWCaptionView.m; sourceTree = "<group>"; };
		E1D87E3B159EE6680051104C /* MWPhoto.h */ = {isa = PBXFileReference; fileEncoding = 4; lastKnownFileType = sourcecode.c.h; path = MWPhoto.h; sourceTree = "<group>"; };
		E1D87E3C159EE6680051104C /* MWPhoto.m */ = {isa = PBXFileReference; fileEncoding = 4; lastKnownFileType = sourcecode.c.objc; path = MWPhoto.m; sourceTree = "<group>"; };
		E1D87E3D159EE6680051104C /* MWPhotoBrowser.h */ = {isa = PBXFileReference; fileEncoding = 4; lastKnownFileType = sourcecode.c.h; path = MWPhotoBrowser.h; sourceTree = "<group>"; };
		E1D87E3E159EE6680051104C /* MWPhotoBrowser.m */ = {isa = PBXFileReference; fileEncoding = 4; lastKnownFileType = sourcecode.c.objc; path = MWPhotoBrowser.m; sourceTree = "<group>"; };
		E1D87E3F159EE6680051104C /* MWPhotoProtocol.h */ = {isa = PBXFileReference; fileEncoding = 4; lastKnownFileType = sourcecode.c.h; path = MWPhotoProtocol.h; sourceTree = "<group>"; };
		E1D87E40159EE6680051104C /* MWTapDetectingImageView.h */ = {isa = PBXFileReference; fileEncoding = 4; lastKnownFileType = sourcecode.c.h; path = MWTapDetectingImageView.h; sourceTree = "<group>"; };
		E1D87E41159EE6680051104C /* MWTapDetectingImageView.m */ = {isa = PBXFileReference; fileEncoding = 4; lastKnownFileType = sourcecode.c.objc; path = MWTapDetectingImageView.m; sourceTree = "<group>"; };
		E1D87E42159EE6680051104C /* MWTapDetectingView.h */ = {isa = PBXFileReference; fileEncoding = 4; lastKnownFileType = sourcecode.c.h; path = MWTapDetectingView.h; sourceTree = "<group>"; };
		E1D87E43159EE6680051104C /* MWTapDetectingView.m */ = {isa = PBXFileReference; fileEncoding = 4; lastKnownFileType = sourcecode.c.objc; path = MWTapDetectingView.m; sourceTree = "<group>"; };
		E1D87E44159EE6680051104C /* MWZoomingScrollView.h */ = {isa = PBXFileReference; fileEncoding = 4; lastKnownFileType = sourcecode.c.h; path = MWZoomingScrollView.h; sourceTree = "<group>"; };
		E1D87E45159EE6680051104C /* MWZoomingScrollView.m */ = {isa = PBXFileReference; fileEncoding = 4; lastKnownFileType = sourcecode.c.objc; path = MWZoomingScrollView.m; sourceTree = "<group>"; };
		E1D87E54159EE6720051104C /* MBProgressHUD.h */ = {isa = PBXFileReference; fileEncoding = 4; lastKnownFileType = sourcecode.c.h; path = MBProgressHUD.h; sourceTree = "<group>"; };
		E1D87E55159EE6720051104C /* MBProgressHUD.m */ = {isa = PBXFileReference; fileEncoding = 4; lastKnownFileType = sourcecode.c.objc; path = MBProgressHUD.m; sourceTree = "<group>"; };
		E1D87E56159EE6720051104C /* README.mdown */ = {isa = PBXFileReference; fileEncoding = 4; lastKnownFileType = text; path = README.mdown; sourceTree = "<group>"; };
		E1D87E58159EE6720051104C /* LICENSE */ = {isa = PBXFileReference; fileEncoding = 4; lastKnownFileType = text; path = LICENSE; sourceTree = "<group>"; };
		E1D87E59159EE6720051104C /* README.md */ = {isa = PBXFileReference; fileEncoding = 4; lastKnownFileType = text; path = README.md; sourceTree = "<group>"; };
		E1D87E5A159EE6720051104C /* SDImageCache.h */ = {isa = PBXFileReference; fileEncoding = 4; lastKnownFileType = sourcecode.c.h; path = SDImageCache.h; sourceTree = "<group>"; };
		E1D87E5B159EE6720051104C /* SDImageCache.m */ = {isa = PBXFileReference; fileEncoding = 4; lastKnownFileType = sourcecode.c.objc; path = SDImageCache.m; sourceTree = "<group>"; };
		E1D87E5C159EE6720051104C /* SDImageCacheDelegate.h */ = {isa = PBXFileReference; fileEncoding = 4; lastKnownFileType = sourcecode.c.h; path = SDImageCacheDelegate.h; sourceTree = "<group>"; };
		E1D87E5D159EE6720051104C /* SDWebImageCompat.h */ = {isa = PBXFileReference; fileEncoding = 4; lastKnownFileType = sourcecode.c.h; path = SDWebImageCompat.h; sourceTree = "<group>"; };
		E1D87E5E159EE6720051104C /* SDWebImageDecoder.h */ = {isa = PBXFileReference; fileEncoding = 4; lastKnownFileType = sourcecode.c.h; path = SDWebImageDecoder.h; sourceTree = "<group>"; };
		E1D87E5F159EE6720051104C /* SDWebImageDecoder.m */ = {isa = PBXFileReference; fileEncoding = 4; lastKnownFileType = sourcecode.c.objc; path = SDWebImageDecoder.m; sourceTree = "<group>"; };
		E1D87E60159EE6720051104C /* SDWebImageDownloader.h */ = {isa = PBXFileReference; fileEncoding = 4; lastKnownFileType = sourcecode.c.h; path = SDWebImageDownloader.h; sourceTree = "<group>"; };
		E1D87E61159EE6720051104C /* SDWebImageDownloader.m */ = {isa = PBXFileReference; fileEncoding = 4; lastKnownFileType = sourcecode.c.objc; path = SDWebImageDownloader.m; sourceTree = "<group>"; };
		E1D87E62159EE6720051104C /* SDWebImageDownloaderDelegate.h */ = {isa = PBXFileReference; fileEncoding = 4; lastKnownFileType = sourcecode.c.h; path = SDWebImageDownloaderDelegate.h; sourceTree = "<group>"; };
		E1D87E63159EE6720051104C /* SDWebImageManager.h */ = {isa = PBXFileReference; fileEncoding = 4; lastKnownFileType = sourcecode.c.h; path = SDWebImageManager.h; sourceTree = "<group>"; };
		E1D87E64159EE6720051104C /* SDWebImageManager.m */ = {isa = PBXFileReference; fileEncoding = 4; lastKnownFileType = sourcecode.c.objc; path = SDWebImageManager.m; sourceTree = "<group>"; };
		E1D87E65159EE6720051104C /* SDWebImageManagerDelegate.h */ = {isa = PBXFileReference; fileEncoding = 4; lastKnownFileType = sourcecode.c.h; path = SDWebImageManagerDelegate.h; sourceTree = "<group>"; };
		E1D87E66159EE6720051104C /* SDWebImagePrefetcher.h */ = {isa = PBXFileReference; fileEncoding = 4; lastKnownFileType = sourcecode.c.h; path = SDWebImagePrefetcher.h; sourceTree = "<group>"; };
		E1D87E67159EE6720051104C /* SDWebImagePrefetcher.m */ = {isa = PBXFileReference; fileEncoding = 4; lastKnownFileType = sourcecode.c.objc; path = SDWebImagePrefetcher.m; sourceTree = "<group>"; };
		E1D87E68159EE6720051104C /* UIButton+WebCache.h */ = {isa = PBXFileReference; fileEncoding = 4; lastKnownFileType = sourcecode.c.h; path = "UIButton+WebCache.h"; sourceTree = "<group>"; };
		E1D87E69159EE6720051104C /* UIButton+WebCache.m */ = {isa = PBXFileReference; fileEncoding = 4; lastKnownFileType = sourcecode.c.objc; path = "UIButton+WebCache.m"; sourceTree = "<group>"; };
		E1D87E6A159EE6720051104C /* UIImageView+WebCache.h */ = {isa = PBXFileReference; fileEncoding = 4; lastKnownFileType = sourcecode.c.h; path = "UIImageView+WebCache.h"; sourceTree = "<group>"; };
		E1D87E6B159EE6720051104C /* UIImageView+WebCache.m */ = {isa = PBXFileReference; fileEncoding = 4; lastKnownFileType = sourcecode.c.objc; path = "UIImageView+WebCache.m"; sourceTree = "<group>"; };
		E1D87E82159EE6770051104C /* MWPhotoBrowser.bundle */ = {isa = PBXFileReference; lastKnownFileType = "wrapper.plug-in"; path = MWPhotoBrowser.bundle; sourceTree = "<group>"; };
		E1D87E88159EEC880051104C /* ImageIO.framework */ = {isa = PBXFileReference; lastKnownFileType = wrapper.framework; name = ImageIO.framework; path = System/Library/Frameworks/ImageIO.framework; sourceTree = SDKROOT; };
		E1D87E8A159EEC920051104C /* MessageUI.framework */ = {isa = PBXFileReference; lastKnownFileType = wrapper.framework; name = MessageUI.framework; path = System/Library/Frameworks/MessageUI.framework; sourceTree = SDKROOT; };
		E1D9609615991335006150D1 /* CernMediaMARCParser.h */ = {isa = PBXFileReference; fileEncoding = 4; lastKnownFileType = sourcecode.c.h; path = CernMediaMARCParser.h; sourceTree = "<group>"; };
		E1D9609715991335006150D1 /* CernMediaMARCParser.m */ = {isa = PBXFileReference; fileEncoding = 4; lastKnownFileType = sourcecode.c.objc; path = CernMediaMARCParser.m; sourceTree = "<group>"; };
		E1DD4C1A15AA4C37003556BC /* grayTexture.png */ = {isa = PBXFileReference; lastKnownFileType = image.png; path = grayTexture.png; sourceTree = "<group>"; };
		E1F7B686156EDC7C0092367F /* CernVM Co-Pilot.app */ = {isa = PBXFileReference; explicitFileType = wrapper.application; includeInIndex = 0; path = "CernVM Co-Pilot.app"; sourceTree = BUILT_PRODUCTS_DIR; };
		E1F7B68A156EDC7C0092367F /* UIKit.framework */ = {isa = PBXFileReference; lastKnownFileType = wrapper.framework; name = UIKit.framework; path = System/Library/Frameworks/UIKit.framework; sourceTree = SDKROOT; };
		E1F7B68C156EDC7C0092367F /* Foundation.framework */ = {isa = PBXFileReference; lastKnownFileType = wrapper.framework; name = Foundation.framework; path = System/Library/Frameworks/Foundation.framework; sourceTree = SDKROOT; };
		E1F7B68E156EDC7C0092367F /* CoreGraphics.framework */ = {isa = PBXFileReference; lastKnownFileType = wrapper.framework; name = CoreGraphics.framework; path = System/Library/Frameworks/CoreGraphics.framework; sourceTree = SDKROOT; };
		E1F7B692156EDC7C0092367F /* CernVM Co-Pilot-Info.plist */ = {isa = PBXFileReference; lastKnownFileType = text.plist.xml; path = "CernVM Co-Pilot-Info.plist"; sourceTree = "<group>"; };
		E1F7B694156EDC7C0092367F /* en */ = {isa = PBXFileReference; lastKnownFileType = text.plist.strings; name = en; path = en.lproj/InfoPlist.strings; sourceTree = "<group>"; };
		E1F7B696156EDC7C0092367F /* main.m */ = {isa = PBXFileReference; lastKnownFileType = sourcecode.c.objc; path = main.m; sourceTree = "<group>"; };
		E1F7B698156EDC7C0092367F /* CernVM Co-Pilot-Prefix.pch */ = {isa = PBXFileReference; lastKnownFileType = sourcecode.c.h; path = "CernVM Co-Pilot-Prefix.pch"; sourceTree = "<group>"; };
		E1F7B699156EDC7C0092367F /* AppDelegate.h */ = {isa = PBXFileReference; lastKnownFileType = sourcecode.c.h; path = AppDelegate.h; sourceTree = "<group>"; };
		E1F7B69A156EDC7C0092367F /* AppDelegate.m */ = {isa = PBXFileReference; lastKnownFileType = sourcecode.c.objc; path = AppDelegate.m; sourceTree = "<group>"; };
		E1F7B69D156EDC7C0092367F /* en */ = {isa = PBXFileReference; lastKnownFileType = file.storyboard; name = en; path = en.lproj/MainStoryboard_iPhone.storyboard; sourceTree = "<group>"; };
		E1F7B6A0156EDC7C0092367F /* en */ = {isa = PBXFileReference; lastKnownFileType = file.storyboard; name = en; path = en.lproj/MainStoryboard_iPad.storyboard; sourceTree = "<group>"; };
		E1F7B6A7156EDC7D0092367F /* first@2x.png */ = {isa = PBXFileReference; lastKnownFileType = image.png; name = "first@2x.png"; path = "CernVM Co-Pilot/first@2x.png"; sourceTree = "<group>"; };
		E1F7B6AE156EDC7D0092367F /* second@2x.png */ = {isa = PBXFileReference; lastKnownFileType = image.png; name = "second@2x.png"; path = "CernVM Co-Pilot/second@2x.png"; sourceTree = "<group>"; };
		E1F7B6B5156EDC7D0092367F /* CernVM Co-PilotTests.octest */ = {isa = PBXFileReference; explicitFileType = wrapper.cfbundle; includeInIndex = 0; path = "CernVM Co-PilotTests.octest"; sourceTree = BUILT_PRODUCTS_DIR; };
		E1F7B6B6156EDC7D0092367F /* SenTestingKit.framework */ = {isa = PBXFileReference; lastKnownFileType = wrapper.framework; name = SenTestingKit.framework; path = Library/Frameworks/SenTestingKit.framework; sourceTree = DEVELOPER_DIR; };
		E1F7B6BE156EDC7D0092367F /* CernVM Co-PilotTests-Info.plist */ = {isa = PBXFileReference; lastKnownFileType = text.plist.xml; path = "CernVM Co-PilotTests-Info.plist"; sourceTree = "<group>"; };
		E1F7B6C0156EDC7D0092367F /* en */ = {isa = PBXFileReference; lastKnownFileType = text.plist.strings; name = en; path = en.lproj/InfoPlist.strings; sourceTree = "<group>"; };
		E1F7B6C2156EDC7D0092367F /* CernVM_Co_PilotTests.h */ = {isa = PBXFileReference; lastKnownFileType = sourcecode.c.h; path = CernVM_Co_PilotTests.h; sourceTree = "<group>"; };
		E1F7B6C3156EDC7D0092367F /* CernVM_Co_PilotTests.m */ = {isa = PBXFileReference; lastKnownFileType = sourcecode.c.objc; path = CernVM_Co_PilotTests.m; sourceTree = "<group>"; };
		E1FFFC2615A642310093462B /* VideoTableViewCell.h */ = {isa = PBXFileReference; fileEncoding = 4; lastKnownFileType = sourcecode.c.h; path = VideoTableViewCell.h; sourceTree = "<group>"; };
		E1FFFC2715A642310093462B /* VideoTableViewCell.m */ = {isa = PBXFileReference; fileEncoding = 4; lastKnownFileType = sourcecode.c.objc; path = VideoTableViewCell.m; sourceTree = "<group>"; };
		E1FFFC2A15A651B40093462B /* MediaPlayer.framework */ = {isa = PBXFileReference; lastKnownFileType = wrapper.framework; name = MediaPlayer.framework; path = System/Library/Frameworks/MediaPlayer.framework; sourceTree = SDKROOT; };
/* End PBXFileReference section */

/* Begin PBXFrameworksBuildPhase section */
		E1F7B683156EDC7C0092367F /* Frameworks */ = {
			isa = PBXFrameworksBuildPhase;
			buildActionMask = 2147483647;
			files = (
				E1FFFC2B15A651B40093462B /* MediaPlayer.framework in Frameworks */,
				E1D87E8B159EEC920051104C /* MessageUI.framework in Frameworks */,
				E1D87E89159EEC880051104C /* ImageIO.framework in Frameworks */,
				E1AB920D159BE44B006FBB40 /* QuartzCore.framework in Frameworks */,
				E1830BCA15744B9F003F16E2 /* libxml2.dylib in Frameworks */,
				E1F7B68B156EDC7C0092367F /* UIKit.framework in Frameworks */,
				E1F7B68D156EDC7C0092367F /* Foundation.framework in Frameworks */,
				E1F7B68F156EDC7C0092367F /* CoreGraphics.framework in Frameworks */,
				E15CC7B91593E9E40016CC95 /* Twitter.framework in Frameworks */,
			);
			runOnlyForDeploymentPostprocessing = 0;
		};
		E1F7B6B1156EDC7D0092367F /* Frameworks */ = {
			isa = PBXFrameworksBuildPhase;
			buildActionMask = 2147483647;
			files = (
				E1F7B6B7156EDC7D0092367F /* SenTestingKit.framework in Frameworks */,
				E1F7B6B8156EDC7D0092367F /* UIKit.framework in Frameworks */,
				E1F7B6B9156EDC7D0092367F /* Foundation.framework in Frameworks */,
			);
			runOnlyForDeploymentPostprocessing = 0;
		};
/* End PBXFrameworksBuildPhase section */

/* Begin PBXGroup section */
		E120849E15773D5100A81B87 /* View Controllers */ = {
			isa = PBXGroup;
			children = (
				E120849A15773D3500A81B87 /* GeneralNewsTableViewController.h */,
				E120849B15773D3500A81B87 /* GeneralNewsTableViewController.m */,
				E1975A4A158F99D800CEE5A2 /* ArticleDetailViewController.h */,
				E1975A4B158F99D800CEE5A2 /* ArticleDetailViewController.m */,
				E15CC7AE159267AF0016CC95 /* ExperimentsViewController.h */,
				E15CC7AF159267AF0016CC95 /* ExperimentsViewController.m */,
				E15CC7B1159279C30016CC95 /* ExperimentTableViewController.h */,
				E15CC7B2159279C30016CC95 /* ExperimentTableViewController.m */,
				E1AB91FE159BE12C006FBB40 /* PhotosViewController.h */,
				E1AB91FF159BE12C006FBB40 /* PhotosViewController.m */,
				E12E489415A36723001ADC77 /* VideosTableViewController.h */,
				E12E489515A36723001ADC77 /* VideosTableViewController.m */,
			);
			name = "View Controllers";
			sourceTree = "<group>";
		};
		E15CC7B4159387ED0016CC95 /* Twitter */ = {
			isa = PBXGroup;
			children = (
				E15CC7B51593881A0016CC95 /* TwitterFeed.h */,
				E15CC7B61593881A0016CC95 /* TwitterFeed.m */,
			);
			name = Twitter;
			sourceTree = "<group>";
		};
		E1830BD115746204003F16E2 /* RSS */ = {
			isa = PBXGroup;
			children = (
				E1A2F588157A03DF0010D672 /* Categories */,
				E1A2F57C157A03C30010D672 /* MWFeedParser */,
				E120849F1577588100A81B87 /* RSSAggregator.h */,
				E12084A01577588100A81B87 /* RSSAggregator.m */,
				E182E1F915740766000E4197 /* RSSFeed.h */,
				E182E1FA15740766000E4197 /* RSSFeed.m */,
				E15CC7BA1593FC220016CC95 /* FeedDelegate.h */,
			);
			name = RSS;
			sourceTree = "<group>";
		};
		E1A2F57C157A03C30010D672 /* MWFeedParser */ = {
			isa = PBXGroup;
			children = (
				E13101B2157B5CF800429634 /* MWFeedParser_Private.h */,
				E13101B3157B5CF800429634 /* MWFeedParser.h */,
				E13101B4157B5CF800429634 /* MWFeedParser.m */,
				E13101B5157B5CF800429634 /* MWFeedInfo.h */,
				E13101B6157B5CF800429634 /* MWFeedInfo.m */,
				E13101B7157B5CF800429634 /* MWFeedItem.h */,
				E13101B8157B5CF800429634 /* MWFeedItem.m */,
			);
			name = MWFeedParser;
			sourceTree = "<group>";
		};
		E1A2F588157A03DF0010D672 /* Categories */ = {
			isa = PBXGroup;
			children = (
				E13101BF157B5D0600429634 /* NSString+HTML.h */,
				E13101C0157B5D0600429634 /* NSString+HTML.m */,
				E13101C1157B5D0600429634 /* NSDate+InternetDateTime.h */,
				E13101C2157B5D0600429634 /* NSDate+InternetDateTime.m */,
				E1A2F58F157A04300010D672 /* Google Toolbox for Mac */,
			);
			name = Categories;
			sourceTree = "<group>";
		};
		E1A2F58F157A04300010D672 /* Google Toolbox for Mac */ = {
			isa = PBXGroup;
			children = (
				E13101C7157B5D0E00429634 /* GTMNSString+HTML.h */,
				E13101C8157B5D0E00429634 /* GTMNSString+HTML.m */,
			);
			name = "Google Toolbox for Mac";
			sourceTree = "<group>";
		};
		E1AB91D2159BE06C006FBB40 /* AQGridView */ = {
			isa = PBXGroup;
			children = (
				E1AB91D3159BE07D006FBB40 /* AQGridView+CellLayout.h */,
				E1AB91D4159BE07D006FBB40 /* AQGridView+CellLocationDelegation.h */,
				E1AB91D5159BE07D006FBB40 /* AQGridView.h */,
				E1AB91D6159BE07D006FBB40 /* AQGridView.m */,
				E1AB91D7159BE07D006FBB40 /* AQGridViewCell+AQGridViewCellPrivate.h */,
				E1AB91D8159BE07D006FBB40 /* AQGridViewCell.h */,
				E1AB91D9159BE07D006FBB40 /* AQGridViewCell.m */,
				E1AB91DA159BE07D006FBB40 /* AQGridViewController.h */,
				E1AB91DB159BE07D006FBB40 /* AQGridViewController.m */,
				E1AB91DC159BE07D006FBB40 /* AQGridViewData.h */,
				E1AB91DD159BE07D006FBB40 /* AQGridViewData.m */,
				E1AB91DE159BE07D006FBB40 /* AQGridViewUpdateInfo.h */,
				E1AB91DF159BE07D006FBB40 /* AQGridViewUpdateInfo.m */,
				E1AB91E0159BE07D006FBB40 /* AQGridViewUpdateItem.h */,
				E1AB91E1159BE07D006FBB40 /* AQGridViewUpdateItem.m */,
				E1AB91E2159BE07D006FBB40 /* AQGridViewAnimatorItem.h */,
				E1AB91E3159BE07D006FBB40 /* AQGridViewAnimatorItem.m */,
				E1AB91E4159BE07D006FBB40 /* UIColor+AQGridView.h */,
				E1AB91E5159BE07D006FBB40 /* UIColor+AQGridView.m */,
				E1AB91E6159BE07D006FBB40 /* NSIndexSet+AQIsSetContiguous.h */,
				E1AB91E7159BE07D006FBB40 /* NSIndexSet+AQIsSetContiguous.m */,
				E1AB91E8159BE07D006FBB40 /* NSIndexSet+AQIndexesOutsideSet.h */,
				E1AB91E9159BE07D006FBB40 /* NSIndexSet+AQIndexesOutsideSet.m */,
				E1AB91F4159BE087006FBB40 /* AQGridSelection.png */,
				E1AB91F5159BE087006FBB40 /* AQGridSelectionGray.png */,
				E1AB91F6159BE087006FBB40 /* AQGridSelectionGrayBlue.png */,
				E1AB91F7159BE087006FBB40 /* AQGridSelectionGreen.png */,
				E1AB91F8159BE087006FBB40 /* AQGridSelectionRed.png */,
			);
			name = AQGridView;
			sourceTree = "<group>";
		};
		E1D87E38159EE6680051104C /* Classes */ = {
			isa = PBXGroup;
			children = (
				E1D87E39159EE6680051104C /* MWCaptionView.h */,
				E1D87E3A159EE6680051104C /* MWCaptionView.m */,
				E1D87E3B159EE6680051104C /* MWPhoto.h */,
				E1D87E3C159EE6680051104C /* MWPhoto.m */,
				E1D87E3D159EE6680051104C /* MWPhotoBrowser.h */,
				E1D87E3E159EE6680051104C /* MWPhotoBrowser.m */,
				E1D87E3F159EE6680051104C /* MWPhotoProtocol.h */,
				E1D87E40159EE6680051104C /* MWTapDetectingImageView.h */,
				E1D87E41159EE6680051104C /* MWTapDetectingImageView.m */,
				E1D87E42159EE6680051104C /* MWTapDetectingView.h */,
				E1D87E43159EE6680051104C /* MWTapDetectingView.m */,
				E1D87E44159EE6680051104C /* MWZoomingScrollView.h */,
				E1D87E45159EE6680051104C /* MWZoomingScrollView.m */,
			);
			path = Classes;
			sourceTree = "<group>";
		};
		E1D87E52159EE6720051104C /* Libraries */ = {
			isa = PBXGroup;
			children = (
				E1D87E53159EE6720051104C /* MBProgressHUD */,
				E1D87E57159EE6720051104C /* SDWebImage */,
			);
			path = Libraries;
			sourceTree = "<group>";
		};
		E1D87E53159EE6720051104C /* MBProgressHUD */ = {
			isa = PBXGroup;
			children = (
				E1D87E54159EE6720051104C /* MBProgressHUD.h */,
				E1D87E55159EE6720051104C /* MBProgressHUD.m */,
				E1D87E56159EE6720051104C /* README.mdown */,
			);
			path = MBProgressHUD;
			sourceTree = "<group>";
		};
		E1D87E57159EE6720051104C /* SDWebImage */ = {
			isa = PBXGroup;
			children = (
				E1D87E58159EE6720051104C /* LICENSE */,
				E1D87E59159EE6720051104C /* README.md */,
				E1D87E5A159EE6720051104C /* SDImageCache.h */,
				E1D87E5B159EE6720051104C /* SDImageCache.m */,
				E1D87E5C159EE6720051104C /* SDImageCacheDelegate.h */,
				E1D87E5D159EE6720051104C /* SDWebImageCompat.h */,
				E1D87E5E159EE6720051104C /* SDWebImageDecoder.h */,
				E1D87E5F159EE6720051104C /* SDWebImageDecoder.m */,
				E1D87E60159EE6720051104C /* SDWebImageDownloader.h */,
				E1D87E61159EE6720051104C /* SDWebImageDownloader.m */,
				E1D87E62159EE6720051104C /* SDWebImageDownloaderDelegate.h */,
				E1D87E63159EE6720051104C /* SDWebImageManager.h */,
				E1D87E64159EE6720051104C /* SDWebImageManager.m */,
				E1D87E65159EE6720051104C /* SDWebImageManagerDelegate.h */,
				E1D87E66159EE6720051104C /* SDWebImagePrefetcher.h */,
				E1D87E67159EE6720051104C /* SDWebImagePrefetcher.m */,
				E1D87E68159EE6720051104C /* UIButton+WebCache.h */,
				E1D87E69159EE6720051104C /* UIButton+WebCache.m */,
				E1D87E6A159EE6720051104C /* UIImageView+WebCache.h */,
				E1D87E6B159EE6720051104C /* UIImageView+WebCache.m */,
			);
			path = SDWebImage;
			sourceTree = "<group>";
		};
		E1D87E85159EE67B0051104C /* MWPhotoBrowser */ = {
			isa = PBXGroup;
			children = (
				E1D87E38159EE6680051104C /* Classes */,
				E1D87E52159EE6720051104C /* Libraries */,
				E1D87E82159EE6770051104C /* MWPhotoBrowser.bundle */,
			);
			name = MWPhotoBrowser;
			sourceTree = "<group>";
		};
		E1D87E86159EE6CB0051104C /* Images */ = {
			isa = PBXGroup;
			children = (
				E1DD4C1A15AA4C37003556BC /* grayTexture.png */,
				E1F7B6A7156EDC7D0092367F /* first@2x.png */,
				E1F7B6AE156EDC7D0092367F /* second@2x.png */,
				E1436FA0159658F6004CDFCA /* lhcbLogo@2x.png */,
				E1436F9E159654AA004CDFCA /* atlasLogo@2x.png */,
				E1436F991595B61F004CDFCA /* aliceLogo@2x.png */,
				E15CC7BE15959F440016CC95 /* cmsLogo@2x.png */,
				E15CC7A7159266550016CC95 /* lhcMap@2x.png */,
				E15CC7A8159266550016CC95 /* lhcMapShadow@2x.png */,
			);
			name = Images;
			sourceTree = "<group>";
		};
		E1D87E87159EE6FA0051104C /* Views */ = {
			isa = PBXGroup;
			children = (
				E171638315911B0100AB43F4 /* ArticleTableViewCell.h */,
				E171638415911B0100AB43F4 /* ArticleTableViewCell.m */,
				E1D87E12159E925B0051104C /* PhotoGridViewCell.h */,
				E1D87E13159E925B0051104C /* PhotoGridViewCell.m */,
				E1FFFC2615A642310093462B /* VideoTableViewCell.h */,
				E1FFFC2715A642310093462B /* VideoTableViewCell.m */,
				E1648F3D15AF789000EE44DA /* ShadowedCell.h */,
				E1648F3E15AF789000EE44DA /* ShadowedCell.m */,
				E103FBD515AC1A8E00274739 /* ShadowedCellBackgroundView.h */,
				E103FBD615AC1A8E00274739 /* ShadowedCellBackgroundView.m */,
			);
			name = Views;
			sourceTree = "<group>";
		};
		E1D9609515985A24006150D1 /* XML MARC Parser */ = {
			isa = PBXGroup;
			children = (
				E1465B7815A7A53100ACEC72 /* NSDateFormatter+DateFromStringOfUnknownFormat.h */,
				E1465B7915A7A53100ACEC72 /* NSDateFormatter+DateFromStringOfUnknownFormat.m */,
				E1D9609615991335006150D1 /* CernMediaMARCParser.h */,
				E1D9609715991335006150D1 /* CernMediaMARCParser.m */,
				E12E489715A51AAD001ADC77 /* PhotoDownloader.h */,
				E12E489815A51AAD001ADC77 /* PhotoDownloader.m */,
			);
			name = "XML MARC Parser";
			sourceTree = "<group>";
		};
		E1F7B67B156EDC7C0092367F = {
			isa = PBXGroup;
			children = (
				E1D87E86159EE6CB0051104C /* Images */,
				E1D87E85159EE67B0051104C /* MWPhotoBrowser */,
				E1AB91D2159BE06C006FBB40 /* AQGridView */,
				E1D9609515985A24006150D1 /* XML MARC Parser */,
				E15CC7B4159387ED0016CC95 /* Twitter */,
				E1830BD115746204003F16E2 /* RSS */,
				E120849E15773D5100A81B87 /* View Controllers */,
				E1D87E87159EE6FA0051104C /* Views */,
				E1F7B690156EDC7C0092367F /* CernVM Co-Pilot */,
				E1F7B6BC156EDC7D0092367F /* CernVM Co-PilotTests */,
				E1F7B689156EDC7C0092367F /* Frameworks */,
				E1F7B687156EDC7C0092367F /* Products */,
			);
			sourceTree = "<group>";
		};
		E1F7B687156EDC7C0092367F /* Products */ = {
			isa = PBXGroup;
			children = (
				E1F7B686156EDC7C0092367F /* CernVM Co-Pilot.app */,
				E1F7B6B5156EDC7D0092367F /* CernVM Co-PilotTests.octest */,
			);
			name = Products;
			sourceTree = "<group>";
		};
		E1F7B689156EDC7C0092367F /* Frameworks */ = {
			isa = PBXGroup;
			children = (
				E1FFFC2A15A651B40093462B /* MediaPlayer.framework */,
				E1D87E8A159EEC920051104C /* MessageUI.framework */,
				E1D87E88159EEC880051104C /* ImageIO.framework */,
				E1AB920C159BE44B006FBB40 /* QuartzCore.framework */,
				E15CC7B81593E9E40016CC95 /* Twitter.framework */,
				E1830BC915744B9F003F16E2 /* libxml2.dylib */,
				E1F7B68A156EDC7C0092367F /* UIKit.framework */,
				E1F7B68C156EDC7C0092367F /* Foundation.framework */,
				E1F7B68E156EDC7C0092367F /* CoreGraphics.framework */,
				E1F7B6B6156EDC7D0092367F /* SenTestingKit.framework */,
			);
			name = Frameworks;
			sourceTree = "<group>";
		};
		E1F7B690156EDC7C0092367F /* CernVM Co-Pilot */ = {
			isa = PBXGroup;
			children = (
				E1F7B699156EDC7C0092367F /* AppDelegate.h */,
				E1F7B69A156EDC7C0092367F /* AppDelegate.m */,
				E1F7B69C156EDC7C0092367F /* MainStoryboard_iPhone.storyboard */,
				E1F7B69F156EDC7C0092367F /* MainStoryboard_iPad.storyboard */,
				E1F7B691156EDC7C0092367F /* Supporting Files */,
			);
			path = "CernVM Co-Pilot";
			sourceTree = "<group>";
		};
		E1F7B691156EDC7C0092367F /* Supporting Files */ = {
			isa = PBXGroup;
			children = (
				E1F7B692156EDC7C0092367F /* CernVM Co-Pilot-Info.plist */,
				E1F7B693156EDC7C0092367F /* InfoPlist.strings */,
				E1F7B696156EDC7C0092367F /* main.m */,
				E1F7B698156EDC7C0092367F /* CernVM Co-Pilot-Prefix.pch */,
			);
			name = "Supporting Files";
			sourceTree = "<group>";
		};
		E1F7B6BC156EDC7D0092367F /* CernVM Co-PilotTests */ = {
			isa = PBXGroup;
			children = (
				E1F7B6C2156EDC7D0092367F /* CernVM_Co_PilotTests.h */,
				E1F7B6C3156EDC7D0092367F /* CernVM_Co_PilotTests.m */,
				E1F7B6BD156EDC7D0092367F /* Supporting Files */,
			);
			path = "CernVM Co-PilotTests";
			sourceTree = "<group>";
		};
		E1F7B6BD156EDC7D0092367F /* Supporting Files */ = {
			isa = PBXGroup;
			children = (
				E1F7B6BE156EDC7D0092367F /* CernVM Co-PilotTests-Info.plist */,
				E1F7B6BF156EDC7D0092367F /* InfoPlist.strings */,
			);
			name = "Supporting Files";
			sourceTree = "<group>";
		};
/* End PBXGroup section */

/* Begin PBXNativeTarget section */
		E1F7B685156EDC7C0092367F /* CernVM Co-Pilot */ = {
			isa = PBXNativeTarget;
			buildConfigurationList = E1F7B6C7156EDC7D0092367F /* Build configuration list for PBXNativeTarget "CernVM Co-Pilot" */;
			buildPhases = (
				E1F7B682156EDC7C0092367F /* Sources */,
				E1F7B683156EDC7C0092367F /* Frameworks */,
				E1F7B684156EDC7C0092367F /* Resources */,
			);
			buildRules = (
			);
			dependencies = (
			);
			name = "CernVM Co-Pilot";
			productName = "CernVM Co-Pilot";
			productReference = E1F7B686156EDC7C0092367F /* CernVM Co-Pilot.app */;
			productType = "com.apple.product-type.application";
		};
		E1F7B6B4156EDC7D0092367F /* CernVM Co-PilotTests */ = {
			isa = PBXNativeTarget;
			buildConfigurationList = E1F7B6CA156EDC7D0092367F /* Build configuration list for PBXNativeTarget "CernVM Co-PilotTests" */;
			buildPhases = (
				E1F7B6B0156EDC7D0092367F /* Sources */,
				E1F7B6B1156EDC7D0092367F /* Frameworks */,
				E1F7B6B2156EDC7D0092367F /* Resources */,
				E1F7B6B3156EDC7D0092367F /* ShellScript */,
			);
			buildRules = (
			);
			dependencies = (
				E1F7B6BB156EDC7D0092367F /* PBXTargetDependency */,
			);
			name = "CernVM Co-PilotTests";
			productName = "CernVM Co-PilotTests";
			productReference = E1F7B6B5156EDC7D0092367F /* CernVM Co-PilotTests.octest */;
			productType = "com.apple.product-type.bundle";
		};
/* End PBXNativeTarget section */

/* Begin PBXProject section */
		E1F7B67D156EDC7C0092367F /* Project object */ = {
			isa = PBXProject;
			attributes = {
				LastUpgradeCheck = 0430;
				ORGANIZATIONNAME = "The Byte Factory";
			};
			buildConfigurationList = E1F7B680156EDC7C0092367F /* Build configuration list for PBXProject "CernVM Co-Pilot" */;
			compatibilityVersion = "Xcode 3.2";
			developmentRegion = English;
			hasScannedForEncodings = 0;
			knownRegions = (
				en,
			);
			mainGroup = E1F7B67B156EDC7C0092367F;
			productRefGroup = E1F7B687156EDC7C0092367F /* Products */;
			projectDirPath = "";
			projectRoot = "";
			targets = (
				E1F7B685156EDC7C0092367F /* CernVM Co-Pilot */,
				E1F7B6B4156EDC7D0092367F /* CernVM Co-PilotTests */,
			);
		};
/* End PBXProject section */

/* Begin PBXResourcesBuildPhase section */
		E1F7B684156EDC7C0092367F /* Resources */ = {
			isa = PBXResourcesBuildPhase;
			buildActionMask = 2147483647;
			files = (
				E1F7B695156EDC7C0092367F /* InfoPlist.strings in Resources */,
				E1F7B69E156EDC7C0092367F /* MainStoryboard_iPhone.storyboard in Resources */,
				E1F7B6A1156EDC7C0092367F /* MainStoryboard_iPad.storyboard in Resources */,
				E1F7B6A8156EDC7D0092367F /* first@2x.png in Resources */,
				E1F7B6AF156EDC7D0092367F /* second@2x.png in Resources */,
				E15CC7A9159266550016CC95 /* lhcMap@2x.png in Resources */,
				E15CC7AA159266550016CC95 /* lhcMapShadow@2x.png in Resources */,
				E15CC7BF15959F440016CC95 /* cmsLogo@2x.png in Resources */,
				E1436F9A1595B61F004CDFCA /* aliceLogo@2x.png in Resources */,
				E1436F9F159654AA004CDFCA /* atlasLogo@2x.png in Resources */,
				E1436FA1159658F6004CDFCA /* lhcbLogo@2x.png in Resources */,
				E1D87E6E159EE6720051104C /* README.mdown in Resources */,
				E1D87E70159EE6720051104C /* LICENSE in Resources */,
				E1D87E72159EE6720051104C /* README.md in Resources */,
				E1D87E83159EE6770051104C /* MWPhotoBrowser.bundle in Resources */,
				E1DD4C1B15AA4C37003556BC /* grayTexture.png in Resources */,
			);
			runOnlyForDeploymentPostprocessing = 0;
		};
		E1F7B6B2156EDC7D0092367F /* Resources */ = {
			isa = PBXResourcesBuildPhase;
			buildActionMask = 2147483647;
			files = (
				E1F7B6C1156EDC7D0092367F /* InfoPlist.strings in Resources */,
				E1AB91F9159BE087006FBB40 /* AQGridSelection.png in Resources */,
				E1AB91FA159BE087006FBB40 /* AQGridSelectionGray.png in Resources */,
				E1AB91FB159BE087006FBB40 /* AQGridSelectionGrayBlue.png in Resources */,
				E1AB91FC159BE087006FBB40 /* AQGridSelectionGreen.png in Resources */,
				E1AB91FD159BE087006FBB40 /* AQGridSelectionRed.png in Resources */,
				E1D87E6F159EE6720051104C /* README.mdown in Resources */,
				E1D87E71159EE6720051104C /* LICENSE in Resources */,
				E1D87E73159EE6720051104C /* README.md in Resources */,
				E1D87E84159EE6770051104C /* MWPhotoBrowser.bundle in Resources */,
			);
			runOnlyForDeploymentPostprocessing = 0;
		};
/* End PBXResourcesBuildPhase section */

/* Begin PBXShellScriptBuildPhase section */
		E1F7B6B3156EDC7D0092367F /* ShellScript */ = {
			isa = PBXShellScriptBuildPhase;
			buildActionMask = 2147483647;
			files = (
			);
			inputPaths = (
			);
			outputPaths = (
			);
			runOnlyForDeploymentPostprocessing = 0;
			shellPath = /bin/sh;
			shellScript = "# Run the unit tests in this test bundle.\n\"${SYSTEM_DEVELOPER_DIR}/Tools/RunUnitTests\"\n";
		};
/* End PBXShellScriptBuildPhase section */

/* Begin PBXSourcesBuildPhase section */
		E1F7B682156EDC7C0092367F /* Sources */ = {
			isa = PBXSourcesBuildPhase;
			buildActionMask = 2147483647;
			files = (
				E1F7B697156EDC7C0092367F /* main.m in Sources */,
				E1F7B69B156EDC7C0092367F /* AppDelegate.m in Sources */,
				E182E1FB15740766000E4197 /* RSSFeed.m in Sources */,
				E120849C15773D3500A81B87 /* GeneralNewsTableViewController.m in Sources */,
				E12084A11577588200A81B87 /* RSSAggregator.m in Sources */,
				E13101B9157B5CF800429634 /* MWFeedParser.m in Sources */,
				E13101BB157B5CF800429634 /* MWFeedInfo.m in Sources */,
				E13101BD157B5CF800429634 /* MWFeedItem.m in Sources */,
				E13101C3157B5D0600429634 /* NSString+HTML.m in Sources */,
				E13101C5157B5D0600429634 /* NSDate+InternetDateTime.m in Sources */,
				E13101C9157B5D0E00429634 /* GTMNSString+HTML.m in Sources */,
				E1975A4C158F99D800CEE5A2 /* ArticleDetailViewController.m in Sources */,
				E171638515911B0100AB43F4 /* ArticleTableViewCell.m in Sources */,
				E15CC7B0159267AF0016CC95 /* ExperimentsViewController.m in Sources */,
				E15CC7B3159279C30016CC95 /* ExperimentTableViewController.m in Sources */,
				E15CC7B71593881A0016CC95 /* TwitterFeed.m in Sources */,
				E1D9609815991335006150D1 /* CernMediaMARCParser.m in Sources */,
				E1AB9202159BE388006FBB40 /* AQGridView.m in Sources */,
				E1AB9203159BE388006FBB40 /* AQGridViewCell.m in Sources */,
				E1AB9204159BE388006FBB40 /* AQGridViewController.m in Sources */,
				E1AB9205159BE388006FBB40 /* AQGridViewData.m in Sources */,
				E1AB9206159BE388006FBB40 /* AQGridViewUpdateInfo.m in Sources */,
				E1AB9207159BE388006FBB40 /* AQGridViewUpdateItem.m in Sources */,
				E1AB9208159BE388006FBB40 /* AQGridViewAnimatorItem.m in Sources */,
				E1AB9209159BE388006FBB40 /* UIColor+AQGridView.m in Sources */,
				E1AB920A159BE388006FBB40 /* NSIndexSet+AQIsSetContiguous.m in Sources */,
				E1AB920B159BE388006FBB40 /* NSIndexSet+AQIndexesOutsideSet.m in Sources */,
				E1AB9200159BE12C006FBB40 /* PhotosViewController.m in Sources */,
				E1D87E14159E925B0051104C /* PhotoGridViewCell.m in Sources */,
				E1D87E46159EE6680051104C /* MWCaptionView.m in Sources */,
				E1D87E48159EE6680051104C /* MWPhoto.m in Sources */,
				E1D87E4A159EE6680051104C /* MWPhotoBrowser.m in Sources */,
				E1D87E4C159EE6680051104C /* MWTapDetectingImageView.m in Sources */,
				E1D87E4E159EE6680051104C /* MWTapDetectingView.m in Sources */,
				E1D87E50159EE6680051104C /* MWZoomingScrollView.m in Sources */,
				E1D87E6C159EE6720051104C /* MBProgressHUD.m in Sources */,
				E1D87E74159EE6720051104C /* SDImageCache.m in Sources */,
				E1D87E76159EE6720051104C /* SDWebImageDecoder.m in Sources */,
				E1D87E78159EE6720051104C /* SDWebImageDownloader.m in Sources */,
				E1D87E7A159EE6720051104C /* SDWebImageManager.m in Sources */,
				E1D87E7C159EE6720051104C /* SDWebImagePrefetcher.m in Sources */,
				E1D87E7E159EE6720051104C /* UIButton+WebCache.m in Sources */,
				E1D87E80159EE6720051104C /* UIImageView+WebCache.m in Sources */,
				E12E489615A36723001ADC77 /* VideosTableViewController.m in Sources */,
				E12E489915A51AAE001ADC77 /* PhotoDownloader.m in Sources */,
				E1FFFC2815A642310093462B /* VideoTableViewCell.m in Sources */,
				E1465B7A15A7A53100ACEC72 /* NSDateFormatter+DateFromStringOfUnknownFormat.m in Sources */,
				E103FBD715AC1A8E00274739 /* ShadowedCellBackgroundView.m in Sources */,
				E1648F3F15AF789000EE44DA /* ShadowedCell.m in Sources */,
			);
			runOnlyForDeploymentPostprocessing = 0;
		};
		E1F7B6B0156EDC7D0092367F /* Sources */ = {
			isa = PBXSourcesBuildPhase;
			buildActionMask = 2147483647;
			files = (
				E1F7B6C4156EDC7D0092367F /* CernVM_Co_PilotTests.m in Sources */,
				E13101BA157B5CF800429634 /* MWFeedParser.m in Sources */,
				E13101BC157B5CF800429634 /* MWFeedInfo.m in Sources */,
				E13101BE157B5CF800429634 /* MWFeedItem.m in Sources */,
				E13101C4157B5D0600429634 /* NSString+HTML.m in Sources */,
				E13101C6157B5D0600429634 /* NSDate+InternetDateTime.m in Sources */,
				E13101CA157B5D0E00429634 /* GTMNSString+HTML.m in Sources */,
				E1AB91EA159BE07D006FBB40 /* AQGridView.m in Sources */,
				E1AB91EB159BE07D006FBB40 /* AQGridViewCell.m in Sources */,
				E1AB91EC159BE07D006FBB40 /* AQGridViewController.m in Sources */,
				E1AB91ED159BE07D006FBB40 /* AQGridViewData.m in Sources */,
				E1AB91EE159BE07D006FBB40 /* AQGridViewUpdateInfo.m in Sources */,
				E1AB91EF159BE07D006FBB40 /* AQGridViewUpdateItem.m in Sources */,
				E1AB91F0159BE07D006FBB40 /* AQGridViewAnimatorItem.m in Sources */,
				E1AB91F1159BE07D006FBB40 /* UIColor+AQGridView.m in Sources */,
				E1AB91F2159BE07D006FBB40 /* NSIndexSet+AQIsSetContiguous.m in Sources */,
				E1AB91F3159BE07D006FBB40 /* NSIndexSet+AQIndexesOutsideSet.m in Sources */,
				E1AB9201159BE12C006FBB40 /* PhotosViewController.m in Sources */,
				E1D87E15159E925B0051104C /* PhotoGridViewCell.m in Sources */,
				E1D87E47159EE6680051104C /* MWCaptionView.m in Sources */,
				E1D87E49159EE6680051104C /* MWPhoto.m in Sources */,
				E1D87E4B159EE6680051104C /* MWPhotoBrowser.m in Sources */,
				E1D87E4D159EE6680051104C /* MWTapDetectingImageView.m in Sources */,
				E1D87E4F159EE6680051104C /* MWTapDetectingView.m in Sources */,
				E1D87E51159EE6680051104C /* MWZoomingScrollView.m in Sources */,
				E1D87E6D159EE6720051104C /* MBProgressHUD.m in Sources */,
				E1D87E75159EE6720051104C /* SDImageCache.m in Sources */,
				E1D87E77159EE6720051104C /* SDWebImageDecoder.m in Sources */,
				E1D87E79159EE6720051104C /* SDWebImageDownloader.m in Sources */,
				E1D87E7B159EE6720051104C /* SDWebImageManager.m in Sources */,
				E1D87E7D159EE6720051104C /* SDWebImagePrefetcher.m in Sources */,
				E1D87E7F159EE6720051104C /* UIButton+WebCache.m in Sources */,
				E1D87E81159EE6720051104C /* UIImageView+WebCache.m in Sources */,
			);
			runOnlyForDeploymentPostprocessing = 0;
		};
/* End PBXSourcesBuildPhase section */

/* Begin PBXTargetDependency section */
		E1F7B6BB156EDC7D0092367F /* PBXTargetDependency */ = {
			isa = PBXTargetDependency;
			target = E1F7B685156EDC7C0092367F /* CernVM Co-Pilot */;
			targetProxy = E1F7B6BA156EDC7D0092367F /* PBXContainerItemProxy */;
		};
/* End PBXTargetDependency section */

/* Begin PBXVariantGroup section */
		E1F7B693156EDC7C0092367F /* InfoPlist.strings */ = {
			isa = PBXVariantGroup;
			children = (
				E1F7B694156EDC7C0092367F /* en */,
			);
			name = InfoPlist.strings;
			sourceTree = "<group>";
		};
		E1F7B69C156EDC7C0092367F /* MainStoryboard_iPhone.storyboard */ = {
			isa = PBXVariantGroup;
			children = (
				E1F7B69D156EDC7C0092367F /* en */,
			);
			name = MainStoryboard_iPhone.storyboard;
			sourceTree = "<group>";
		};
		E1F7B69F156EDC7C0092367F /* MainStoryboard_iPad.storyboard */ = {
			isa = PBXVariantGroup;
			children = (
				E1F7B6A0156EDC7C0092367F /* en */,
			);
			name = MainStoryboard_iPad.storyboard;
			sourceTree = "<group>";
		};
		E1F7B6BF156EDC7D0092367F /* InfoPlist.strings */ = {
			isa = PBXVariantGroup;
			children = (
				E1F7B6C0156EDC7D0092367F /* en */,
			);
			name = InfoPlist.strings;
			sourceTree = "<group>";
		};
/* End PBXVariantGroup section */

/* Begin XCBuildConfiguration section */
		E1F7B6C5156EDC7D0092367F /* Debug */ = {
			isa = XCBuildConfiguration;
			buildSettings = {
				ALWAYS_SEARCH_USER_PATHS = NO;
				ARCHS = "$(ARCHS_STANDARD_32_BIT)";
				CLANG_ENABLE_OBJC_ARC = YES;
				"CODE_SIGN_IDENTITY[sdk=iphoneos*]" = "iPhone Developer: Eamon Ford (MQF78B4MMS)";
				COPY_PHASE_STRIP = NO;
				GCC_C_LANGUAGE_STANDARD = gnu99;
				GCC_DYNAMIC_NO_PIC = NO;
				GCC_OPTIMIZATION_LEVEL = 0;
				GCC_PREPROCESSOR_DEFINITIONS = (
					"DEBUG=1",
					"$(inherited)",
				);
				GCC_SYMBOLS_PRIVATE_EXTERN = NO;
				GCC_VERSION = com.apple.compilers.llvm.clang.1_0;
				GCC_WARN_ABOUT_RETURN_TYPE = YES;
				GCC_WARN_UNINITIALIZED_AUTOS = YES;
				GCC_WARN_UNUSED_VARIABLE = YES;
				HEADER_SEARCH_PATHS = /usr/include/libxml2;
				IPHONEOS_DEPLOYMENT_TARGET = 5.1;
				OTHER_LDFLAGS = "-lxml2";
				"PROVISIONING_PROFILE[sdk=iphoneos*]" = "3E98F29B-6D28-4E73-ADF1-C134334F77E9";
				SDKROOT = iphoneos;
				TARGETED_DEVICE_FAMILY = "1,2";
			};
			name = Debug;
		};
		E1F7B6C6156EDC7D0092367F /* Release */ = {
			isa = XCBuildConfiguration;
			buildSettings = {
				ALWAYS_SEARCH_USER_PATHS = NO;
				ARCHS = "$(ARCHS_STANDARD_32_BIT)";
				CLANG_ENABLE_OBJC_ARC = YES;
				"CODE_SIGN_IDENTITY[sdk=iphoneos*]" = "iPhone Developer";
				COPY_PHASE_STRIP = YES;
				GCC_C_LANGUAGE_STANDARD = gnu99;
				GCC_VERSION = com.apple.compilers.llvm.clang.1_0;
				GCC_WARN_ABOUT_RETURN_TYPE = YES;
				GCC_WARN_UNINITIALIZED_AUTOS = YES;
				GCC_WARN_UNUSED_VARIABLE = YES;
				HEADER_SEARCH_PATHS = /usr/include/libxml2;
				IPHONEOS_DEPLOYMENT_TARGET = 5.1;
				OTHER_CFLAGS = "-DNS_BLOCK_ASSERTIONS=1";
				OTHER_LDFLAGS = "-lxml2";
				SDKROOT = iphoneos;
				TARGETED_DEVICE_FAMILY = "1,2";
				VALIDATE_PRODUCT = YES;
			};
			name = Release;
		};
		E1F7B6C8156EDC7D0092367F /* Debug */ = {
			isa = XCBuildConfiguration;
			buildSettings = {
				GCC_PRECOMPILE_PREFIX_HEADER = YES;
				GCC_PREFIX_HEADER = "CernVM Co-Pilot/CernVM Co-Pilot-Prefix.pch";
				HEADER_SEARCH_PATHS = /usr/include/libxml2;
				INFOPLIST_FILE = "CernVM Co-Pilot/CernVM Co-Pilot-Info.plist";
				LIBRARY_SEARCH_PATHS = (
					"$(inherited)",
					"\"$(SRCROOT)/../../../Library/Developer/Xcode/DerivedData/AQGridView-hhouftqwkmgmhgflvzwawbjvswiy/Build/Products/Debug-iphoneos\"",
					"\"$(SRCROOT)\"",
				);
				OTHER_LDFLAGS = "-lxml2";
				PRODUCT_NAME = "$(TARGET_NAME)";
				WRAPPER_EXTENSION = app;
			};
			name = Debug;
		};
		E1F7B6C9156EDC7D0092367F /* Release */ = {
			isa = XCBuildConfiguration;
			buildSettings = {
				GCC_PRECOMPILE_PREFIX_HEADER = YES;
				GCC_PREFIX_HEADER = "CernVM Co-Pilot/CernVM Co-Pilot-Prefix.pch";
				HEADER_SEARCH_PATHS = /usr/include/libxml2;
				INFOPLIST_FILE = "CernVM Co-Pilot/CernVM Co-Pilot-Info.plist";
				LIBRARY_SEARCH_PATHS = (
					"$(inherited)",
					"\"$(SRCROOT)/../../../Library/Developer/Xcode/DerivedData/AQGridView-hhouftqwkmgmhgflvzwawbjvswiy/Build/Products/Debug-iphoneos\"",
					"\"$(SRCROOT)\"",
				);
				OTHER_LDFLAGS = "-lxml2";
				PRODUCT_NAME = "$(TARGET_NAME)";
				WRAPPER_EXTENSION = app;
			};
			name = Release;
		};
		E1F7B6CB156EDC7D0092367F /* Debug */ = {
			isa = XCBuildConfiguration;
			buildSettings = {
				BUNDLE_LOADER = "$(BUILT_PRODUCTS_DIR)/CernVM Co-Pilot.app/CernVM Co-Pilot";
				FRAMEWORK_SEARCH_PATHS = (
					"$(SDKROOT)/Developer/Library/Frameworks",
					"$(DEVELOPER_LIBRARY_DIR)/Frameworks",
				);
				GCC_PRECOMPILE_PREFIX_HEADER = YES;
				GCC_PREFIX_HEADER = "CernVM Co-Pilot/CernVM Co-Pilot-Prefix.pch";
				INFOPLIST_FILE = "CernVM Co-PilotTests/CernVM Co-PilotTests-Info.plist";
				PRODUCT_NAME = "$(TARGET_NAME)";
				TEST_HOST = "$(BUNDLE_LOADER)";
				WRAPPER_EXTENSION = octest;
			};
			name = Debug;
		};
		E1F7B6CC156EDC7D0092367F /* Release */ = {
			isa = XCBuildConfiguration;
			buildSettings = {
				BUNDLE_LOADER = "$(BUILT_PRODUCTS_DIR)/CernVM Co-Pilot.app/CernVM Co-Pilot";
				FRAMEWORK_SEARCH_PATHS = (
					"$(SDKROOT)/Developer/Library/Frameworks",
					"$(DEVELOPER_LIBRARY_DIR)/Frameworks",
				);
				GCC_PRECOMPILE_PREFIX_HEADER = YES;
				GCC_PREFIX_HEADER = "CernVM Co-Pilot/CernVM Co-Pilot-Prefix.pch";
				INFOPLIST_FILE = "CernVM Co-PilotTests/CernVM Co-PilotTests-Info.plist";
				PRODUCT_NAME = "$(TARGET_NAME)";
				TEST_HOST = "$(BUNDLE_LOADER)";
				WRAPPER_EXTENSION = octest;
			};
			name = Release;
		};
/* End XCBuildConfiguration section */

/* Begin XCConfigurationList section */
		E1F7B680156EDC7C0092367F /* Build configuration list for PBXProject "CernVM Co-Pilot" */ = {
			isa = XCConfigurationList;
			buildConfigurations = (
				E1F7B6C5156EDC7D0092367F /* Debug */,
				E1F7B6C6156EDC7D0092367F /* Release */,
			);
			defaultConfigurationIsVisible = 0;
			defaultConfigurationName = Release;
		};
		E1F7B6C7156EDC7D0092367F /* Build configuration list for PBXNativeTarget "CernVM Co-Pilot" */ = {
			isa = XCConfigurationList;
			buildConfigurations = (
				E1F7B6C8156EDC7D0092367F /* Debug */,
				E1F7B6C9156EDC7D0092367F /* Release */,
			);
			defaultConfigurationIsVisible = 0;
			defaultConfigurationName = Release;
		};
		E1F7B6CA156EDC7D0092367F /* Build configuration list for PBXNativeTarget "CernVM Co-PilotTests" */ = {
			isa = XCConfigurationList;
			buildConfigurations = (
				E1F7B6CB156EDC7D0092367F /* Debug */,
				E1F7B6CC156EDC7D0092367F /* Release */,
			);
			defaultConfigurationIsVisible = 0;
			defaultConfigurationName = Release;
		};
/* End XCConfigurationList section */
	};
	rootObject = E1F7B67D156EDC7C0092367F /* Project object */;
}
